// !$*UTF8*$!
{
	archiveVersion = 1;
	classes = {
	};
	objectVersion = 56;
	objects = {

/* Begin PBXBuildFile section */
		3F4B3E9681166715A8B3369D /* Pods_Blueming.framework in Frameworks */ = {isa = PBXBuildFile; fileRef = D47D168201E5E31B7530E42C /* Pods_Blueming.framework */; };
		F30319692ADF95090016D51C /* SelectEmotionViewController.swift in Sources */ = {isa = PBXBuildFile; fileRef = F30319672ADF95090016D51C /* SelectEmotionViewController.swift */; };
		F303196A2ADF95090016D51C /* SelectEmotionViewController.xib in Resources */ = {isa = PBXBuildFile; fileRef = F30319682ADF95090016D51C /* SelectEmotionViewController.xib */; };
		F303196C2ADF96880016D51C /* emotionPopup.png in Resources */ = {isa = PBXBuildFile; fileRef = F303196B2ADF96880016D51C /* emotionPopup.png */; };
		F303196F2ADF9B880016D51C /* EmotionCell.swift in Sources */ = {isa = PBXBuildFile; fileRef = F303196D2ADF9B880016D51C /* EmotionCell.swift */; };
		F30319702ADF9B880016D51C /* EmotionCell.xib in Resources */ = {isa = PBXBuildFile; fileRef = F303196E2ADF9B880016D51C /* EmotionCell.xib */; };
		F30319722ADF9BAC0016D51C /* emotionCell.png in Resources */ = {isa = PBXBuildFile; fileRef = F30319712ADF9BAC0016D51C /* emotionCell.png */; };
		F30319742ADF9D780016D51C /* emotion_example.png in Resources */ = {isa = PBXBuildFile; fileRef = F30319732ADF9D780016D51C /* emotion_example.png */; };
		F30319772AE01A5A0016D51C /* SelectHealthViewController.swift in Sources */ = {isa = PBXBuildFile; fileRef = F30319752AE01A5A0016D51C /* SelectHealthViewController.swift */; };
		F30319782AE01A5A0016D51C /* SelectHealthViewController.xib in Resources */ = {isa = PBXBuildFile; fileRef = F30319762AE01A5A0016D51C /* SelectHealthViewController.xib */; };
		F30319912AE084C00016D51C /* body15.png in Resources */ = {isa = PBXBuildFile; fileRef = F303197D2AE084BF0016D51C /* body15.png */; };
		F30319922AE084C00016D51C /* body11.png in Resources */ = {isa = PBXBuildFile; fileRef = F303197E2AE084BF0016D51C /* body11.png */; };
		F30319932AE084C00016D51C /* body5.png in Resources */ = {isa = PBXBuildFile; fileRef = F303197F2AE084BF0016D51C /* body5.png */; };
		F30319942AE084C00016D51C /* body1.png in Resources */ = {isa = PBXBuildFile; fileRef = F30319802AE084BF0016D51C /* body1.png */; };
		F30319952AE084C00016D51C /* body8.png in Resources */ = {isa = PBXBuildFile; fileRef = F30319812AE084BF0016D51C /* body8.png */; };
		F30319962AE084C00016D51C /* body.png in Resources */ = {isa = PBXBuildFile; fileRef = F30319822AE084BF0016D51C /* body.png */; };
		F30319972AE084C00016D51C /* body2.png in Resources */ = {isa = PBXBuildFile; fileRef = F30319832AE084C00016D51C /* body2.png */; };
		F30319982AE084C00016D51C /* body16.png in Resources */ = {isa = PBXBuildFile; fileRef = F30319842AE084C00016D51C /* body16.png */; };
		F30319992AE084C00016D51C /* body17.png in Resources */ = {isa = PBXBuildFile; fileRef = F30319852AE084C00016D51C /* body17.png */; };
		F303199A2AE084C00016D51C /* body3.png in Resources */ = {isa = PBXBuildFile; fileRef = F30319862AE084C00016D51C /* body3.png */; };
		F303199B2AE084C00016D51C /* body19.png in Resources */ = {isa = PBXBuildFile; fileRef = F30319872AE084C00016D51C /* body19.png */; };
		F303199C2AE084C00016D51C /* body7.png in Resources */ = {isa = PBXBuildFile; fileRef = F30319882AE084C00016D51C /* body7.png */; };
		F303199D2AE084C00016D51C /* body6.png in Resources */ = {isa = PBXBuildFile; fileRef = F30319892AE084C00016D51C /* body6.png */; };
		F303199E2AE084C00016D51C /* body9.png in Resources */ = {isa = PBXBuildFile; fileRef = F303198A2AE084C00016D51C /* body9.png */; };
		F303199F2AE084C00016D51C /* body4.png in Resources */ = {isa = PBXBuildFile; fileRef = F303198B2AE084C00016D51C /* body4.png */; };
		F30319A02AE084C00016D51C /* body12.png in Resources */ = {isa = PBXBuildFile; fileRef = F303198C2AE084C00016D51C /* body12.png */; };
		F30319A12AE084C00016D51C /* body10.png in Resources */ = {isa = PBXBuildFile; fileRef = F303198D2AE084C00016D51C /* body10.png */; };
		F30319A22AE084C00016D51C /* body13.png in Resources */ = {isa = PBXBuildFile; fileRef = F303198E2AE084C00016D51C /* body13.png */; };
		F30319A32AE084C00016D51C /* body14.png in Resources */ = {isa = PBXBuildFile; fileRef = F303198F2AE084C00016D51C /* body14.png */; };
		F30319A42AE084C00016D51C /* body18.png in Resources */ = {isa = PBXBuildFile; fileRef = F30319902AE084C00016D51C /* body18.png */; };
		F30319B72AE087650016D51C /* family.png in Resources */ = {isa = PBXBuildFile; fileRef = F30319A52AE087640016D51C /* family.png */; };
		F30319B82AE087650016D51C /* family14.png in Resources */ = {isa = PBXBuildFile; fileRef = F30319A62AE087640016D51C /* family14.png */; };
		F30319B92AE087650016D51C /* family6.png in Resources */ = {isa = PBXBuildFile; fileRef = F30319A72AE087640016D51C /* family6.png */; };
		F30319BA2AE087650016D51C /* family9.png in Resources */ = {isa = PBXBuildFile; fileRef = F30319A82AE087640016D51C /* family9.png */; };
		F30319BB2AE087650016D51C /* family1.png in Resources */ = {isa = PBXBuildFile; fileRef = F30319A92AE087640016D51C /* family1.png */; };
		F30319BC2AE087650016D51C /* family4.png in Resources */ = {isa = PBXBuildFile; fileRef = F30319AA2AE087640016D51C /* family4.png */; };
		F30319BD2AE087650016D51C /* family12.png in Resources */ = {isa = PBXBuildFile; fileRef = F30319AB2AE087640016D51C /* family12.png */; };
		F30319BE2AE087650016D51C /* family17.png in Resources */ = {isa = PBXBuildFile; fileRef = F30319AC2AE087640016D51C /* family17.png */; };
		F30319BF2AE087650016D51C /* family3.png in Resources */ = {isa = PBXBuildFile; fileRef = F30319AD2AE087640016D51C /* family3.png */; };
		F30319C02AE087650016D51C /* family7.png in Resources */ = {isa = PBXBuildFile; fileRef = F30319AE2AE087640016D51C /* family7.png */; };
		F30319C12AE087650016D51C /* family13.png in Resources */ = {isa = PBXBuildFile; fileRef = F30319AF2AE087640016D51C /* family13.png */; };
		F30319C22AE087650016D51C /* family2.png in Resources */ = {isa = PBXBuildFile; fileRef = F30319B02AE087640016D51C /* family2.png */; };
		F30319C32AE087650016D51C /* family10.png in Resources */ = {isa = PBXBuildFile; fileRef = F30319B12AE087640016D51C /* family10.png */; };
		F30319C42AE087650016D51C /* family11.png in Resources */ = {isa = PBXBuildFile; fileRef = F30319B22AE087650016D51C /* family11.png */; };
		F30319C52AE087650016D51C /* family5.png in Resources */ = {isa = PBXBuildFile; fileRef = F30319B32AE087650016D51C /* family5.png */; };
		F30319C62AE087650016D51C /* family16.png in Resources */ = {isa = PBXBuildFile; fileRef = F30319B42AE087650016D51C /* family16.png */; };
		F30319C72AE087650016D51C /* family8.png in Resources */ = {isa = PBXBuildFile; fileRef = F30319B52AE087650016D51C /* family8.png */; };
		F30319C82AE087650016D51C /* family15.png in Resources */ = {isa = PBXBuildFile; fileRef = F30319B62AE087650016D51C /* family15.png */; };
		F305455C2ADE97C400C18971 /* sad4.png in Resources */ = {isa = PBXBuildFile; fileRef = F30545552ADE97C400C18971 /* sad4.png */; };
		F305455D2ADE97C400C18971 /* sad7.png in Resources */ = {isa = PBXBuildFile; fileRef = F30545562ADE97C400C18971 /* sad7.png */; };
		F305455E2ADE97C400C18971 /* sad5.png in Resources */ = {isa = PBXBuildFile; fileRef = F30545572ADE97C400C18971 /* sad5.png */; };
		F305455F2ADE97C400C18971 /* sad3.png in Resources */ = {isa = PBXBuildFile; fileRef = F30545582ADE97C400C18971 /* sad3.png */; };
		F30545602ADE97C400C18971 /* sad1.png in Resources */ = {isa = PBXBuildFile; fileRef = F30545592ADE97C400C18971 /* sad1.png */; };
		F30545612ADE97C400C18971 /* sad2.png in Resources */ = {isa = PBXBuildFile; fileRef = F305455A2ADE97C400C18971 /* sad2.png */; };
		F30545622ADE97C400C18971 /* sad6.png in Resources */ = {isa = PBXBuildFile; fileRef = F305455B2ADE97C400C18971 /* sad6.png */; };
		F305456A2ADE98EF00C18971 /* unrest3.png in Resources */ = {isa = PBXBuildFile; fileRef = F30545632ADE98EF00C18971 /* unrest3.png */; };
		F305456B2ADE98EF00C18971 /* unrest5.png in Resources */ = {isa = PBXBuildFile; fileRef = F30545642ADE98EF00C18971 /* unrest5.png */; };
		F305456C2ADE98EF00C18971 /* unrest6.png in Resources */ = {isa = PBXBuildFile; fileRef = F30545652ADE98EF00C18971 /* unrest6.png */; };
		F305456D2ADE98EF00C18971 /* unrest7.png in Resources */ = {isa = PBXBuildFile; fileRef = F30545662ADE98EF00C18971 /* unrest7.png */; };
		F305456E2ADE98EF00C18971 /* unrest1.png in Resources */ = {isa = PBXBuildFile; fileRef = F30545672ADE98EF00C18971 /* unrest1.png */; };
		F305456F2ADE98EF00C18971 /* unrest2.png in Resources */ = {isa = PBXBuildFile; fileRef = F30545682ADE98EF00C18971 /* unrest2.png */; };
		F30545702ADE98EF00C18971 /* unrest4.png in Resources */ = {isa = PBXBuildFile; fileRef = F30545692ADE98EF00C18971 /* unrest4.png */; };
		F30545742ADE9A6C00C18971 /* slide3.png in Resources */ = {isa = PBXBuildFile; fileRef = F30545712ADE9A6C00C18971 /* slide3.png */; };
		F30545752ADE9A6C00C18971 /* slide2.png in Resources */ = {isa = PBXBuildFile; fileRef = F30545722ADE9A6C00C18971 /* slide2.png */; };
		F30545762ADE9A6C00C18971 /* slide1.png in Resources */ = {isa = PBXBuildFile; fileRef = F30545732ADE9A6C00C18971 /* slide1.png */; };
		F30E3D3E2AC8575900CB1316 /* LogOutViewController.swift in Sources */ = {isa = PBXBuildFile; fileRef = F30E3D3D2AC8575900CB1316 /* LogOutViewController.swift */; };
		F30E3D402AC857A100CB1316 /* popup-view.png in Resources */ = {isa = PBXBuildFile; fileRef = F30E3D3F2AC857A100CB1316 /* popup-view.png */; };
		F30E3D422AC86DB700CB1316 /* SignOutViewController.swift in Sources */ = {isa = PBXBuildFile; fileRef = F30E3D412AC86DB700CB1316 /* SignOutViewController.swift */; };
		F3190E1F2AAC4C95000A7343 /* target-box.png in Resources */ = {isa = PBXBuildFile; fileRef = F3190E1E2AAC4C95000A7343 /* target-box.png */; };
		F3190E252AAC4E33000A7343 /* blue-rec.png in Resources */ = {isa = PBXBuildFile; fileRef = F3190E242AAC4E33000A7343 /* blue-rec.png */; };
		F3190E272AAC535E000A7343 /* CheckViewController.swift in Sources */ = {isa = PBXBuildFile; fileRef = F3190E262AAC535E000A7343 /* CheckViewController.swift */; };
		F3190E292AAC536C000A7343 /* MypageViewController.swift in Sources */ = {isa = PBXBuildFile; fileRef = F3190E282AAC536C000A7343 /* MypageViewController.swift */; };
		F3190E2B2AAC6515000A7343 /* HomeViewController.swift in Sources */ = {isa = PBXBuildFile; fileRef = F3190E2A2AAC6515000A7343 /* HomeViewController.swift */; };
		F3190E2E2AAC814A000A7343 /* Article.swift in Sources */ = {isa = PBXBuildFile; fileRef = F3190E2D2AAC814A000A7343 /* Article.swift */; };
		F3190E332AAC833C000A7343 /* MainArticleCell.swift in Sources */ = {isa = PBXBuildFile; fileRef = F3190E312AAC833C000A7343 /* MainArticleCell.swift */; };
		F3190E342AAC833C000A7343 /* MainArticleCell.xib in Resources */ = {isa = PBXBuildFile; fileRef = F3190E322AAC833C000A7343 /* MainArticleCell.xib */; };
		F32B28AA2AA8AD0B005803C8 /* AppDelegate.swift in Sources */ = {isa = PBXBuildFile; fileRef = F32B28A92AA8AD0B005803C8 /* AppDelegate.swift */; };
		F32B28AC2AA8AD0B005803C8 /* SceneDelegate.swift in Sources */ = {isa = PBXBuildFile; fileRef = F32B28AB2AA8AD0B005803C8 /* SceneDelegate.swift */; };
		F32B28B32AA8AD0C005803C8 /* Assets.xcassets in Resources */ = {isa = PBXBuildFile; fileRef = F32B28B22AA8AD0C005803C8 /* Assets.xcassets */; };
		F32B28B62AA8AD0C005803C8 /* LaunchScreen.storyboard in Resources */ = {isa = PBXBuildFile; fileRef = F32B28B42AA8AD0C005803C8 /* LaunchScreen.storyboard */; };
		F32D0A7C2AD6BABF0094CA03 /* CheckListCell.swift in Sources */ = {isa = PBXBuildFile; fileRef = F32D0A7A2AD6BABF0094CA03 /* CheckListCell.swift */; };
		F32D0A7D2AD6BABF0094CA03 /* CheckListCell.xib in Resources */ = {isa = PBXBuildFile; fileRef = F32D0A7B2AD6BABF0094CA03 /* CheckListCell.xib */; };
		F32D0A7F2AD6BBB00094CA03 /* check_sample.png in Resources */ = {isa = PBXBuildFile; fileRef = F32D0A7E2AD6BBB00094CA03 /* check_sample.png */; };
		F32D0A812AD6C18E0094CA03 /* Goals.swift in Sources */ = {isa = PBXBuildFile; fileRef = F32D0A802AD6C18E0094CA03 /* Goals.swift */; };
		F335F9FF2AB9D23000C97E30 /* Main.storyboard in Resources */ = {isa = PBXBuildFile; fileRef = F335F9FE2AB9D23000C97E30 /* Main.storyboard */; };
		F335FA052AB9F13000C97E30 /* CustomTable.swift in Sources */ = {isa = PBXBuildFile; fileRef = F335FA042AB9F13000C97E30 /* CustomTable.swift */; };
		F34109462AC5C0DD00E755F4 /* backImg.png in Resources */ = {isa = PBXBuildFile; fileRef = F34109452AC5C0DD00E755F4 /* backImg.png */; };
		F341094A2AC5C1C800E755F4 /* LoginBack.png in Resources */ = {isa = PBXBuildFile; fileRef = F34109492AC5C1C800E755F4 /* LoginBack.png */; };
		F341094E2AC5E00600E755F4 /* KeywordLabel.swift in Sources */ = {isa = PBXBuildFile; fileRef = F341094D2AC5E00600E755F4 /* KeywordLabel.swift */; };
		F350A1332ABAD51C00203688 /* signUpImg.png in Resources */ = {isa = PBXBuildFile; fileRef = F350A1322ABAD51C00203688 /* signUpImg.png */; };
		F350A1362ABAD57600203688 /* FirstViewController.swift in Sources */ = {isa = PBXBuildFile; fileRef = F350A1352ABAD57600203688 /* FirstViewController.swift */; };
		F350A1382ABAFB9A00203688 /* Chat.png in Resources */ = {isa = PBXBuildFile; fileRef = F350A1372ABAFB9A00203688 /* Chat.png */; };
		F350A13A2ABB104600203688 /* UILabel.swift in Sources */ = {isa = PBXBuildFile; fileRef = F350A1392ABB104600203688 /* UILabel.swift */; };
		F350A13C2ABB1C3200203688 /* LoginViewController.swift in Sources */ = {isa = PBXBuildFile; fileRef = F350A13B2ABB1C3200203688 /* LoginViewController.swift */; };
		F363449A2ADC46C900019770 /* CheckListCellDelegate.swift in Sources */ = {isa = PBXBuildFile; fileRef = F36344992ADC46C900019770 /* CheckListCellDelegate.swift */; };
		F363449C2ADC562200019770 /* noCheckImg.png in Resources */ = {isa = PBXBuildFile; fileRef = F363449B2ADC562200019770 /* noCheckImg.png */; };
		F3647EBC2AC722F10026FBF0 /* article_img.png in Resources */ = {isa = PBXBuildFile; fileRef = F3647EBB2AC722F10026FBF0 /* article_img.png */; };
		F3647EBE2AC72CD40026FBF0 /* mypageBox.png in Resources */ = {isa = PBXBuildFile; fileRef = F3647EBD2AC72CD40026FBF0 /* mypageBox.png */; };
		F3647EC22AC733290026FBF0 /* gray_line.png in Resources */ = {isa = PBXBuildFile; fileRef = F3647EC12AC733290026FBF0 /* gray_line.png */; };
		F3647EC42AC73A3C0026FBF0 /* EditPwdViewController.swift in Sources */ = {isa = PBXBuildFile; fileRef = F3647EC32AC73A3C0026FBF0 /* EditPwdViewController.swift */; };
		F36B9E892AC408C500937AD1 /* SearchViewController.swift in Sources */ = {isa = PBXBuildFile; fileRef = F36B9E882AC408C500937AD1 /* SearchViewController.swift */; };
		F36B9E8B2AC40D5300937AD1 /* Keyword.swift in Sources */ = {isa = PBXBuildFile; fileRef = F36B9E8A2AC40D5300937AD1 /* Keyword.swift */; };
		F37D6A382ABE991C007F3C41 /* EmailViewController.swift in Sources */ = {isa = PBXBuildFile; fileRef = F37D6A372ABE991C007F3C41 /* EmailViewController.swift */; };
		F37D6A3A2ABEA7BE007F3C41 /* PwdViewController.swift in Sources */ = {isa = PBXBuildFile; fileRef = F37D6A392ABEA7BE007F3C41 /* PwdViewController.swift */; };
		F37D6A3C2ABEA866007F3C41 /* NameViewController.swift in Sources */ = {isa = PBXBuildFile; fileRef = F37D6A3B2ABEA866007F3C41 /* NameViewController.swift */; };
		F37D6A3E2AC0000F007F3C41 /* TabBarViewController.swift in Sources */ = {isa = PBXBuildFile; fileRef = F37D6A3D2AC0000F007F3C41 /* TabBarViewController.swift */; };
		F38614102AC875F200D5001F /* FirebaseAnalytics in Frameworks */ = {isa = PBXBuildFile; productRef = F386140F2AC875F200D5001F /* FirebaseAnalytics */; };
		F38614122AC877CB00D5001F /* GoogleService-Info.plist in Resources */ = {isa = PBXBuildFile; fileRef = F38614112AC877CB00D5001F /* GoogleService-Info.plist */; };
		F38614172AC87FA300D5001F /* Pretendard-ExtraBold.otf in Resources */ = {isa = PBXBuildFile; fileRef = F38614162AC87FA300D5001F /* Pretendard-ExtraBold.otf */; };
		F3A8564C2AB2CE4E00264E3B /* Tags.swift in Sources */ = {isa = PBXBuildFile; fileRef = F3A8564B2AB2CE4E00264E3B /* Tags.swift */; };
		F3A8564E2AB2CF3900264E3B /* TagCell.swift in Sources */ = {isa = PBXBuildFile; fileRef = F3A8564D2AB2CF3900264E3B /* TagCell.swift */; };
		F3A856522AB2DF0900264E3B /* LeftAlignedCollectionViewFlowLayout.swift in Sources */ = {isa = PBXBuildFile; fileRef = F3A856512AB2DF0900264E3B /* LeftAlignedCollectionViewFlowLayout.swift */; };
		F3AB290E2ADD48650058C5B2 /* AlertViewController.swift in Sources */ = {isa = PBXBuildFile; fileRef = F3AB290D2ADD48650058C5B2 /* AlertViewController.swift */; };
		F3AB29112ADD4A0B0058C5B2 /* AlertCell.swift in Sources */ = {isa = PBXBuildFile; fileRef = F3AB290F2ADD4A0B0058C5B2 /* AlertCell.swift */; };
		F3AB29122ADD4A0B0058C5B2 /* AlertCell.xib in Resources */ = {isa = PBXBuildFile; fileRef = F3AB29102ADD4A0B0058C5B2 /* AlertCell.xib */; };
		F3AB29142ADD4D9B0058C5B2 /* alertLine.png in Resources */ = {isa = PBXBuildFile; fileRef = F3AB29132ADD4D9B0058C5B2 /* alertLine.png */; };
		F3AB29162ADD52290058C5B2 /* Alert.swift in Sources */ = {isa = PBXBuildFile; fileRef = F3AB29152ADD52290058C5B2 /* Alert.swift */; };
		F3AB29182ADD5C9B0058C5B2 /* readLine.png in Resources */ = {isa = PBXBuildFile; fileRef = F3AB29172ADD5C9B0058C5B2 /* readLine.png */; };
		F3B05C042AA99719003EC4A6 /* TestViewController.swift in Sources */ = {isa = PBXBuildFile; fileRef = F3B05C032AA99719003EC4A6 /* TestViewController.swift */; };
		F3B05C062AA99729003EC4A6 /* ArticleViewController.swift in Sources */ = {isa = PBXBuildFile; fileRef = F3B05C052AA99729003EC4A6 /* ArticleViewController.swift */; };
		F3B05C182AA99BD3003EC4A6 /* Pretendard-Regular.otf in Resources */ = {isa = PBXBuildFile; fileRef = F3B05C142AA99BD3003EC4A6 /* Pretendard-Regular.otf */; };
		F3B05C192AA99BD3003EC4A6 /* Pretendard-SemiBold.otf in Resources */ = {isa = PBXBuildFile; fileRef = F3B05C152AA99BD3003EC4A6 /* Pretendard-SemiBold.otf */; };
		F3B05C1B2AA99BD3003EC4A6 /* Pretendard-Medium.otf in Resources */ = {isa = PBXBuildFile; fileRef = F3B05C172AA99BD3003EC4A6 /* Pretendard-Medium.otf */; };
		F3B05C1E2AA9A258003EC4A6 /* CustomTabBarItem.swift in Sources */ = {isa = PBXBuildFile; fileRef = F3B05C1D2AA9A258003EC4A6 /* CustomTabBarItem.swift */; };
		F3B699202AD5C00100C13D88 /* startImg.png in Resources */ = {isa = PBXBuildFile; fileRef = F3B6991F2AD5C00100C13D88 /* startImg.png */; };
		F3B795CB2AE242610090440F /* baby6.png in Resources */ = {isa = PBXBuildFile; fileRef = F3B795B82AE242600090440F /* baby6.png */; };
		F3B795CC2AE242610090440F /* baby7.png in Resources */ = {isa = PBXBuildFile; fileRef = F3B795B92AE242600090440F /* baby7.png */; };
		F3B795CD2AE242610090440F /* baby2.png in Resources */ = {isa = PBXBuildFile; fileRef = F3B795BA2AE242600090440F /* baby2.png */; };
		F3B795CE2AE242610090440F /* baby.png in Resources */ = {isa = PBXBuildFile; fileRef = F3B795BB2AE242600090440F /* baby.png */; };
		F3B795CF2AE242610090440F /* baby5.png in Resources */ = {isa = PBXBuildFile; fileRef = F3B795BC2AE242600090440F /* baby5.png */; };
		F3B795D02AE242610090440F /* baby10.png in Resources */ = {isa = PBXBuildFile; fileRef = F3B795BD2AE242600090440F /* baby10.png */; };
		F3B795D12AE242610090440F /* baby16.png in Resources */ = {isa = PBXBuildFile; fileRef = F3B795BE2AE242600090440F /* baby16.png */; };
		F3B795D22AE242610090440F /* baby8.png in Resources */ = {isa = PBXBuildFile; fileRef = F3B795BF2AE242600090440F /* baby8.png */; };
		F3B795D32AE242610090440F /* baby11.png in Resources */ = {isa = PBXBuildFile; fileRef = F3B795C02AE242600090440F /* baby11.png */; };
		F3B795D42AE242610090440F /* baby13.png in Resources */ = {isa = PBXBuildFile; fileRef = F3B795C12AE242600090440F /* baby13.png */; };
		F3B795D52AE242610090440F /* baby15.png in Resources */ = {isa = PBXBuildFile; fileRef = F3B795C22AE242600090440F /* baby15.png */; };
		F3B795D62AE242610090440F /* baby17.png in Resources */ = {isa = PBXBuildFile; fileRef = F3B795C32AE242610090440F /* baby17.png */; };
		F3B795D72AE242610090440F /* baby9.png in Resources */ = {isa = PBXBuildFile; fileRef = F3B795C42AE242610090440F /* baby9.png */; };
		F3B795D82AE242610090440F /* baby1.png in Resources */ = {isa = PBXBuildFile; fileRef = F3B795C52AE242610090440F /* baby1.png */; };
		F3B795D92AE242610090440F /* baby12.png in Resources */ = {isa = PBXBuildFile; fileRef = F3B795C62AE242610090440F /* baby12.png */; };
		F3B795DA2AE242610090440F /* baby14.png in Resources */ = {isa = PBXBuildFile; fileRef = F3B795C72AE242610090440F /* baby14.png */; };
		F3B795DB2AE242610090440F /* baby4.png in Resources */ = {isa = PBXBuildFile; fileRef = F3B795C82AE242610090440F /* baby4.png */; };
		F3B795DC2AE242610090440F /* baby18.png in Resources */ = {isa = PBXBuildFile; fileRef = F3B795C92AE242610090440F /* baby18.png */; };
		F3B795DD2AE242610090440F /* baby3.png in Resources */ = {isa = PBXBuildFile; fileRef = F3B795CA2AE242610090440F /* baby3.png */; };
		F3B795E42AE258EA0090440F /* ect2.png in Resources */ = {isa = PBXBuildFile; fileRef = F3B795DE2AE258EA0090440F /* ect2.png */; };
		F3B795E52AE258EA0090440F /* ect1.png in Resources */ = {isa = PBXBuildFile; fileRef = F3B795DF2AE258EA0090440F /* ect1.png */; };
		F3B795E62AE258EA0090440F /* ect3.png in Resources */ = {isa = PBXBuildFile; fileRef = F3B795E02AE258EA0090440F /* ect3.png */; };
		F3B795E72AE258EA0090440F /* ect4.png in Resources */ = {isa = PBXBuildFile; fileRef = F3B795E12AE258EA0090440F /* ect4.png */; };
		F3B795E82AE258EA0090440F /* ect5.png in Resources */ = {isa = PBXBuildFile; fileRef = F3B795E22AE258EA0090440F /* ect5.png */; };
		F3B795E92AE258EA0090440F /* ect.png in Resources */ = {isa = PBXBuildFile; fileRef = F3B795E32AE258EA0090440F /* ect.png */; };
		F3B795EB2AE25D7D0090440F /* Pretendard-Bold.otf in Resources */ = {isa = PBXBuildFile; fileRef = F3B795EA2AE25D7D0090440F /* Pretendard-Bold.otf */; };
		F3B9CDAE2ACAB53900DD1E7B /* QuestionViewController.swift in Sources */ = {isa = PBXBuildFile; fileRef = F3B9CDAD2ACAB53900DD1E7B /* QuestionViewController.swift */; };
		F3B9CDB02ACAE3D800DD1E7B /* question_background.png in Resources */ = {isa = PBXBuildFile; fileRef = F3B9CDAF2ACAE3D800DD1E7B /* question_background.png */; };
		F3B9CDB32ACAE50B00DD1E7B /* AnswerCell.swift in Sources */ = {isa = PBXBuildFile; fileRef = F3B9CDB12ACAE50B00DD1E7B /* AnswerCell.swift */; };
		F3B9CDB42ACAE50B00DD1E7B /* AnswerCell.xib in Resources */ = {isa = PBXBuildFile; fileRef = F3B9CDB22ACAE50B00DD1E7B /* AnswerCell.xib */; };
		F3B9CDB62ACAE5BE00DD1E7B /* answer_view.png in Resources */ = {isa = PBXBuildFile; fileRef = F3B9CDB52ACAE5BE00DD1E7B /* answer_view.png */; };
		F3B9CDB82ACAE7BA00DD1E7B /* Answer.swift in Sources */ = {isa = PBXBuildFile; fileRef = F3B9CDB72ACAE7BA00DD1E7B /* Answer.swift */; };
		F3B9CDBA2ACAE9FC00DD1E7B /* select_background.png in Resources */ = {isa = PBXBuildFile; fileRef = F3B9CDB92ACAE9FC00DD1E7B /* select_background.png */; };
		F3B9CDBC2ACB11E900DD1E7B /* ResultViewController.swift in Sources */ = {isa = PBXBuildFile; fileRef = F3B9CDBB2ACB11E900DD1E7B /* ResultViewController.swift */; };
		F3B9CDBE2ACB131D00DD1E7B /* result_box.png in Resources */ = {isa = PBXBuildFile; fileRef = F3B9CDBD2ACB131D00DD1E7B /* result_box.png */; };
		F3B9CDC12ACB227400DD1E7B /* QuestionPopUp.swift in Sources */ = {isa = PBXBuildFile; fileRef = F3B9CDBF2ACB227400DD1E7B /* QuestionPopUp.swift */; };
		F3B9CDC22ACB227400DD1E7B /* QuestionPopUp.xib in Resources */ = {isa = PBXBuildFile; fileRef = F3B9CDC02ACB227400DD1E7B /* QuestionPopUp.xib */; };
		F3BB67072AC7FA2C0066E0DD /* EditProfileViewController.swift in Sources */ = {isa = PBXBuildFile; fileRef = F3BB67062AC7FA2C0066E0DD /* EditProfileViewController.swift */; };
		F3BB67092AC8056B0066E0DD /* NotificationCenter.swift in Sources */ = {isa = PBXBuildFile; fileRef = F3BB67082AC8056B0066E0DD /* NotificationCenter.swift */; };
		F3D48F3D2ACC865400643D1B /* popup.png in Resources */ = {isa = PBXBuildFile; fileRef = F3D48F3C2ACC865400643D1B /* popup.png */; };
		F3E587842AA9B80000578876 /* box1.png in Resources */ = {isa = PBXBuildFile; fileRef = F3E587832AA9B80000578876 /* box1.png */; };
		F3E587862AA9B99800578876 /* box-1x.png in Resources */ = {isa = PBXBuildFile; fileRef = F3E587852AA9B99800578876 /* box-1x.png */; };
		F3EEF9262AB0C1E5007F3D81 /* example_img.png in Resources */ = {isa = PBXBuildFile; fileRef = F3EEF9252AB0C1E5007F3D81 /* example_img.png */; };
		F3EEF92C2AB0E234007F3D81 /* article-back.png in Resources */ = {isa = PBXBuildFile; fileRef = F3EEF92B2AB0E234007F3D81 /* article-back.png */; };
		F3F7F1FC2AA995660050263F /* UIColor.swift in Sources */ = {isa = PBXBuildFile; fileRef = F3F7F1FB2AA995660050263F /* UIColor.swift */; };
		F3FF972D2ADE315A002BBB1B /* depressed8.png in Resources */ = {isa = PBXBuildFile; fileRef = F3FF97212ADE3159002BBB1B /* depressed8.png */; };
		F3FF972E2ADE315A002BBB1B /* depressed10.png in Resources */ = {isa = PBXBuildFile; fileRef = F3FF97222ADE3159002BBB1B /* depressed10.png */; };
		F3FF972F2ADE315A002BBB1B /* depressed12.png in Resources */ = {isa = PBXBuildFile; fileRef = F3FF97232ADE3159002BBB1B /* depressed12.png */; };
		F3FF97302ADE315A002BBB1B /* depressed1.png in Resources */ = {isa = PBXBuildFile; fileRef = F3FF97242ADE3159002BBB1B /* depressed1.png */; };
		F3FF97312ADE315A002BBB1B /* depressed4.png in Resources */ = {isa = PBXBuildFile; fileRef = F3FF97252ADE3159002BBB1B /* depressed4.png */; };
		F3FF97322ADE315A002BBB1B /* depressed5.png in Resources */ = {isa = PBXBuildFile; fileRef = F3FF97262ADE3159002BBB1B /* depressed5.png */; };
		F3FF97332ADE315A002BBB1B /* depressed7.png in Resources */ = {isa = PBXBuildFile; fileRef = F3FF97272ADE3159002BBB1B /* depressed7.png */; };
		F3FF97342ADE315A002BBB1B /* depressed9.png in Resources */ = {isa = PBXBuildFile; fileRef = F3FF97282ADE3159002BBB1B /* depressed9.png */; };
		F3FF97352ADE315A002BBB1B /* depressed11.png in Resources */ = {isa = PBXBuildFile; fileRef = F3FF97292ADE3159002BBB1B /* depressed11.png */; };
		F3FF97362ADE315A002BBB1B /* depressed2.png in Resources */ = {isa = PBXBuildFile; fileRef = F3FF972A2ADE315A002BBB1B /* depressed2.png */; };
		F3FF97372ADE315A002BBB1B /* depressed3.png in Resources */ = {isa = PBXBuildFile; fileRef = F3FF972B2ADE315A002BBB1B /* depressed3.png */; };
		F3FF97382ADE315A002BBB1B /* depressed6.png in Resources */ = {isa = PBXBuildFile; fileRef = F3FF972C2ADE315A002BBB1B /* depressed6.png */; };
		F3FF97432ADE3E0D002BBB1B /* stress4.png in Resources */ = {isa = PBXBuildFile; fileRef = F3FF97392ADE3E0D002BBB1B /* stress4.png */; };
		F3FF97442ADE3E0D002BBB1B /* stress2.png in Resources */ = {isa = PBXBuildFile; fileRef = F3FF973A2ADE3E0D002BBB1B /* stress2.png */; };
		F3FF97452ADE3E0D002BBB1B /* stress1.png in Resources */ = {isa = PBXBuildFile; fileRef = F3FF973B2ADE3E0D002BBB1B /* stress1.png */; };
		F3FF97462ADE3E0D002BBB1B /* depressed13.png in Resources */ = {isa = PBXBuildFile; fileRef = F3FF973C2ADE3E0D002BBB1B /* depressed13.png */; };
		F3FF97472ADE3E0D002BBB1B /* depressed14.png in Resources */ = {isa = PBXBuildFile; fileRef = F3FF973D2ADE3E0D002BBB1B /* depressed14.png */; };
		F3FF97482ADE3E0D002BBB1B /* stress6.png in Resources */ = {isa = PBXBuildFile; fileRef = F3FF973E2ADE3E0D002BBB1B /* stress6.png */; };
		F3FF97492ADE3E0D002BBB1B /* stress8.png in Resources */ = {isa = PBXBuildFile; fileRef = F3FF973F2ADE3E0D002BBB1B /* stress8.png */; };
		F3FF974A2ADE3E0D002BBB1B /* stress3.png in Resources */ = {isa = PBXBuildFile; fileRef = F3FF97402ADE3E0D002BBB1B /* stress3.png */; };
		F3FF974B2ADE3E0D002BBB1B /* stress5.png in Resources */ = {isa = PBXBuildFile; fileRef = F3FF97412ADE3E0D002BBB1B /* stress5.png */; };
		F3FF974C2ADE3E0D002BBB1B /* stress7.png in Resources */ = {isa = PBXBuildFile; fileRef = F3FF97422ADE3E0D002BBB1B /* stress7.png */; };
		F3FF97532ADE4237002BBB1B /* confusion5.png in Resources */ = {isa = PBXBuildFile; fileRef = F3FF974D2ADE4237002BBB1B /* confusion5.png */; };
		F3FF97542ADE4237002BBB1B /* confusion6.png in Resources */ = {isa = PBXBuildFile; fileRef = F3FF974E2ADE4237002BBB1B /* confusion6.png */; };
		F3FF97552ADE4237002BBB1B /* confusion2.png in Resources */ = {isa = PBXBuildFile; fileRef = F3FF974F2ADE4237002BBB1B /* confusion2.png */; };
		F3FF97562ADE4237002BBB1B /* confusion3.png in Resources */ = {isa = PBXBuildFile; fileRef = F3FF97502ADE4237002BBB1B /* confusion3.png */; };
		F3FF97572ADE4237002BBB1B /* confusion4.png in Resources */ = {isa = PBXBuildFile; fileRef = F3FF97512ADE4237002BBB1B /* confusion4.png */; };
		F3FF97582ADE4237002BBB1B /* confusion1.png in Resources */ = {isa = PBXBuildFile; fileRef = F3FF97522ADE4237002BBB1B /* confusion1.png */; };
/* End PBXBuildFile section */

/* Begin PBXFileReference section */
		819B905DCFFF0DA1D7876928 /* Pods-Blueming.release.xcconfig */ = {isa = PBXFileReference; includeInIndex = 1; lastKnownFileType = text.xcconfig; name = "Pods-Blueming.release.xcconfig"; path = "Target Support Files/Pods-Blueming/Pods-Blueming.release.xcconfig"; sourceTree = "<group>"; };
		CEF1C2E7EC930CF10FE8047F /* Pods-Blueming.debug.xcconfig */ = {isa = PBXFileReference; includeInIndex = 1; lastKnownFileType = text.xcconfig; name = "Pods-Blueming.debug.xcconfig"; path = "Target Support Files/Pods-Blueming/Pods-Blueming.debug.xcconfig"; sourceTree = "<group>"; };
		D47D168201E5E31B7530E42C /* Pods_Blueming.framework */ = {isa = PBXFileReference; explicitFileType = wrapper.framework; includeInIndex = 0; path = Pods_Blueming.framework; sourceTree = BUILT_PRODUCTS_DIR; };
		F30319672ADF95090016D51C /* SelectEmotionViewController.swift */ = {isa = PBXFileReference; lastKnownFileType = sourcecode.swift; path = SelectEmotionViewController.swift; sourceTree = "<group>"; };
		F30319682ADF95090016D51C /* SelectEmotionViewController.xib */ = {isa = PBXFileReference; lastKnownFileType = file.xib; path = SelectEmotionViewController.xib; sourceTree = "<group>"; };
		F303196B2ADF96880016D51C /* emotionPopup.png */ = {isa = PBXFileReference; lastKnownFileType = image.png; path = emotionPopup.png; sourceTree = "<group>"; };
		F303196D2ADF9B880016D51C /* EmotionCell.swift */ = {isa = PBXFileReference; lastKnownFileType = sourcecode.swift; path = EmotionCell.swift; sourceTree = "<group>"; };
		F303196E2ADF9B880016D51C /* EmotionCell.xib */ = {isa = PBXFileReference; lastKnownFileType = file.xib; path = EmotionCell.xib; sourceTree = "<group>"; };
		F30319712ADF9BAC0016D51C /* emotionCell.png */ = {isa = PBXFileReference; lastKnownFileType = image.png; path = emotionCell.png; sourceTree = "<group>"; };
		F30319732ADF9D780016D51C /* emotion_example.png */ = {isa = PBXFileReference; lastKnownFileType = image.png; path = emotion_example.png; sourceTree = "<group>"; };
		F30319752AE01A5A0016D51C /* SelectHealthViewController.swift */ = {isa = PBXFileReference; lastKnownFileType = sourcecode.swift; path = SelectHealthViewController.swift; sourceTree = "<group>"; };
		F30319762AE01A5A0016D51C /* SelectHealthViewController.xib */ = {isa = PBXFileReference; lastKnownFileType = file.xib; path = SelectHealthViewController.xib; sourceTree = "<group>"; };
		F303197D2AE084BF0016D51C /* body15.png */ = {isa = PBXFileReference; lastKnownFileType = image.png; path = body15.png; sourceTree = "<group>"; };
		F303197E2AE084BF0016D51C /* body11.png */ = {isa = PBXFileReference; lastKnownFileType = image.png; path = body11.png; sourceTree = "<group>"; };
		F303197F2AE084BF0016D51C /* body5.png */ = {isa = PBXFileReference; lastKnownFileType = image.png; path = body5.png; sourceTree = "<group>"; };
		F30319802AE084BF0016D51C /* body1.png */ = {isa = PBXFileReference; lastKnownFileType = image.png; path = body1.png; sourceTree = "<group>"; };
		F30319812AE084BF0016D51C /* body8.png */ = {isa = PBXFileReference; lastKnownFileType = image.png; path = body8.png; sourceTree = "<group>"; };
		F30319822AE084BF0016D51C /* body.png */ = {isa = PBXFileReference; lastKnownFileType = image.png; path = body.png; sourceTree = "<group>"; };
		F30319832AE084C00016D51C /* body2.png */ = {isa = PBXFileReference; lastKnownFileType = image.png; path = body2.png; sourceTree = "<group>"; };
		F30319842AE084C00016D51C /* body16.png */ = {isa = PBXFileReference; lastKnownFileType = image.png; path = body16.png; sourceTree = "<group>"; };
		F30319852AE084C00016D51C /* body17.png */ = {isa = PBXFileReference; lastKnownFileType = image.png; path = body17.png; sourceTree = "<group>"; };
		F30319862AE084C00016D51C /* body3.png */ = {isa = PBXFileReference; lastKnownFileType = image.png; path = body3.png; sourceTree = "<group>"; };
		F30319872AE084C00016D51C /* body19.png */ = {isa = PBXFileReference; lastKnownFileType = image.png; path = body19.png; sourceTree = "<group>"; };
		F30319882AE084C00016D51C /* body7.png */ = {isa = PBXFileReference; lastKnownFileType = image.png; path = body7.png; sourceTree = "<group>"; };
		F30319892AE084C00016D51C /* body6.png */ = {isa = PBXFileReference; lastKnownFileType = image.png; path = body6.png; sourceTree = "<group>"; };
		F303198A2AE084C00016D51C /* body9.png */ = {isa = PBXFileReference; lastKnownFileType = image.png; path = body9.png; sourceTree = "<group>"; };
		F303198B2AE084C00016D51C /* body4.png */ = {isa = PBXFileReference; lastKnownFileType = image.png; path = body4.png; sourceTree = "<group>"; };
		F303198C2AE084C00016D51C /* body12.png */ = {isa = PBXFileReference; lastKnownFileType = image.png; path = body12.png; sourceTree = "<group>"; };
		F303198D2AE084C00016D51C /* body10.png */ = {isa = PBXFileReference; lastKnownFileType = image.png; path = body10.png; sourceTree = "<group>"; };
		F303198E2AE084C00016D51C /* body13.png */ = {isa = PBXFileReference; lastKnownFileType = image.png; path = body13.png; sourceTree = "<group>"; };
		F303198F2AE084C00016D51C /* body14.png */ = {isa = PBXFileReference; lastKnownFileType = image.png; path = body14.png; sourceTree = "<group>"; };
		F30319902AE084C00016D51C /* body18.png */ = {isa = PBXFileReference; lastKnownFileType = image.png; path = body18.png; sourceTree = "<group>"; };
		F30319A52AE087640016D51C /* family.png */ = {isa = PBXFileReference; lastKnownFileType = image.png; path = family.png; sourceTree = "<group>"; };
		F30319A62AE087640016D51C /* family14.png */ = {isa = PBXFileReference; lastKnownFileType = image.png; path = family14.png; sourceTree = "<group>"; };
		F30319A72AE087640016D51C /* family6.png */ = {isa = PBXFileReference; lastKnownFileType = image.png; path = family6.png; sourceTree = "<group>"; };
		F30319A82AE087640016D51C /* family9.png */ = {isa = PBXFileReference; lastKnownFileType = image.png; path = family9.png; sourceTree = "<group>"; };
		F30319A92AE087640016D51C /* family1.png */ = {isa = PBXFileReference; lastKnownFileType = image.png; path = family1.png; sourceTree = "<group>"; };
		F30319AA2AE087640016D51C /* family4.png */ = {isa = PBXFileReference; lastKnownFileType = image.png; path = family4.png; sourceTree = "<group>"; };
		F30319AB2AE087640016D51C /* family12.png */ = {isa = PBXFileReference; lastKnownFileType = image.png; path = family12.png; sourceTree = "<group>"; };
		F30319AC2AE087640016D51C /* family17.png */ = {isa = PBXFileReference; lastKnownFileType = image.png; path = family17.png; sourceTree = "<group>"; };
		F30319AD2AE087640016D51C /* family3.png */ = {isa = PBXFileReference; lastKnownFileType = image.png; path = family3.png; sourceTree = "<group>"; };
		F30319AE2AE087640016D51C /* family7.png */ = {isa = PBXFileReference; lastKnownFileType = image.png; path = family7.png; sourceTree = "<group>"; };
		F30319AF2AE087640016D51C /* family13.png */ = {isa = PBXFileReference; lastKnownFileType = image.png; path = family13.png; sourceTree = "<group>"; };
		F30319B02AE087640016D51C /* family2.png */ = {isa = PBXFileReference; lastKnownFileType = image.png; path = family2.png; sourceTree = "<group>"; };
		F30319B12AE087640016D51C /* family10.png */ = {isa = PBXFileReference; lastKnownFileType = image.png; path = family10.png; sourceTree = "<group>"; };
		F30319B22AE087650016D51C /* family11.png */ = {isa = PBXFileReference; lastKnownFileType = image.png; path = family11.png; sourceTree = "<group>"; };
		F30319B32AE087650016D51C /* family5.png */ = {isa = PBXFileReference; lastKnownFileType = image.png; path = family5.png; sourceTree = "<group>"; };
		F30319B42AE087650016D51C /* family16.png */ = {isa = PBXFileReference; lastKnownFileType = image.png; path = family16.png; sourceTree = "<group>"; };
		F30319B52AE087650016D51C /* family8.png */ = {isa = PBXFileReference; lastKnownFileType = image.png; path = family8.png; sourceTree = "<group>"; };
		F30319B62AE087650016D51C /* family15.png */ = {isa = PBXFileReference; lastKnownFileType = image.png; path = family15.png; sourceTree = "<group>"; };
		F30545552ADE97C400C18971 /* sad4.png */ = {isa = PBXFileReference; lastKnownFileType = image.png; path = sad4.png; sourceTree = "<group>"; };
		F30545562ADE97C400C18971 /* sad7.png */ = {isa = PBXFileReference; lastKnownFileType = image.png; path = sad7.png; sourceTree = "<group>"; };
		F30545572ADE97C400C18971 /* sad5.png */ = {isa = PBXFileReference; lastKnownFileType = image.png; path = sad5.png; sourceTree = "<group>"; };
		F30545582ADE97C400C18971 /* sad3.png */ = {isa = PBXFileReference; lastKnownFileType = image.png; path = sad3.png; sourceTree = "<group>"; };
		F30545592ADE97C400C18971 /* sad1.png */ = {isa = PBXFileReference; lastKnownFileType = image.png; path = sad1.png; sourceTree = "<group>"; };
		F305455A2ADE97C400C18971 /* sad2.png */ = {isa = PBXFileReference; lastKnownFileType = image.png; path = sad2.png; sourceTree = "<group>"; };
		F305455B2ADE97C400C18971 /* sad6.png */ = {isa = PBXFileReference; lastKnownFileType = image.png; path = sad6.png; sourceTree = "<group>"; };
		F30545632ADE98EF00C18971 /* unrest3.png */ = {isa = PBXFileReference; lastKnownFileType = image.png; path = unrest3.png; sourceTree = "<group>"; };
		F30545642ADE98EF00C18971 /* unrest5.png */ = {isa = PBXFileReference; lastKnownFileType = image.png; path = unrest5.png; sourceTree = "<group>"; };
		F30545652ADE98EF00C18971 /* unrest6.png */ = {isa = PBXFileReference; lastKnownFileType = image.png; path = unrest6.png; sourceTree = "<group>"; };
		F30545662ADE98EF00C18971 /* unrest7.png */ = {isa = PBXFileReference; lastKnownFileType = image.png; path = unrest7.png; sourceTree = "<group>"; };
		F30545672ADE98EF00C18971 /* unrest1.png */ = {isa = PBXFileReference; lastKnownFileType = image.png; path = unrest1.png; sourceTree = "<group>"; };
		F30545682ADE98EF00C18971 /* unrest2.png */ = {isa = PBXFileReference; lastKnownFileType = image.png; path = unrest2.png; sourceTree = "<group>"; };
		F30545692ADE98EF00C18971 /* unrest4.png */ = {isa = PBXFileReference; lastKnownFileType = image.png; path = unrest4.png; sourceTree = "<group>"; };
		F30545712ADE9A6C00C18971 /* slide3.png */ = {isa = PBXFileReference; lastKnownFileType = image.png; path = slide3.png; sourceTree = "<group>"; };
		F30545722ADE9A6C00C18971 /* slide2.png */ = {isa = PBXFileReference; lastKnownFileType = image.png; path = slide2.png; sourceTree = "<group>"; };
		F30545732ADE9A6C00C18971 /* slide1.png */ = {isa = PBXFileReference; lastKnownFileType = image.png; path = slide1.png; sourceTree = "<group>"; };
		F30E3D3D2AC8575900CB1316 /* LogOutViewController.swift */ = {isa = PBXFileReference; lastKnownFileType = sourcecode.swift; path = LogOutViewController.swift; sourceTree = "<group>"; };
		F30E3D3F2AC857A100CB1316 /* popup-view.png */ = {isa = PBXFileReference; lastKnownFileType = image.png; path = "popup-view.png"; sourceTree = "<group>"; };
		F30E3D412AC86DB700CB1316 /* SignOutViewController.swift */ = {isa = PBXFileReference; lastKnownFileType = sourcecode.swift; path = SignOutViewController.swift; sourceTree = "<group>"; };
		F3190E1E2AAC4C95000A7343 /* target-box.png */ = {isa = PBXFileReference; lastKnownFileType = image.png; path = "target-box.png"; sourceTree = "<group>"; };
		F3190E242AAC4E33000A7343 /* blue-rec.png */ = {isa = PBXFileReference; lastKnownFileType = image.png; path = "blue-rec.png"; sourceTree = "<group>"; };
		F3190E262AAC535E000A7343 /* CheckViewController.swift */ = {isa = PBXFileReference; lastKnownFileType = sourcecode.swift; path = CheckViewController.swift; sourceTree = "<group>"; };
		F3190E282AAC536C000A7343 /* MypageViewController.swift */ = {isa = PBXFileReference; lastKnownFileType = sourcecode.swift; path = MypageViewController.swift; sourceTree = "<group>"; };
		F3190E2A2AAC6515000A7343 /* HomeViewController.swift */ = {isa = PBXFileReference; lastKnownFileType = sourcecode.swift; path = HomeViewController.swift; sourceTree = "<group>"; };
		F3190E2D2AAC814A000A7343 /* Article.swift */ = {isa = PBXFileReference; lastKnownFileType = sourcecode.swift; path = Article.swift; sourceTree = "<group>"; };
		F3190E312AAC833C000A7343 /* MainArticleCell.swift */ = {isa = PBXFileReference; lastKnownFileType = sourcecode.swift; path = MainArticleCell.swift; sourceTree = "<group>"; };
		F3190E322AAC833C000A7343 /* MainArticleCell.xib */ = {isa = PBXFileReference; lastKnownFileType = file.xib; path = MainArticleCell.xib; sourceTree = "<group>"; };
		F32B28A62AA8AD0B005803C8 /* Blueming.app */ = {isa = PBXFileReference; explicitFileType = wrapper.application; includeInIndex = 0; path = Blueming.app; sourceTree = BUILT_PRODUCTS_DIR; };
		F32B28A92AA8AD0B005803C8 /* AppDelegate.swift */ = {isa = PBXFileReference; lastKnownFileType = sourcecode.swift; path = AppDelegate.swift; sourceTree = "<group>"; };
		F32B28AB2AA8AD0B005803C8 /* SceneDelegate.swift */ = {isa = PBXFileReference; lastKnownFileType = sourcecode.swift; path = SceneDelegate.swift; sourceTree = "<group>"; };
		F32B28B22AA8AD0C005803C8 /* Assets.xcassets */ = {isa = PBXFileReference; lastKnownFileType = folder.assetcatalog; path = Assets.xcassets; sourceTree = "<group>"; };
		F32B28B52AA8AD0C005803C8 /* Base */ = {isa = PBXFileReference; lastKnownFileType = file.storyboard; name = Base; path = Base.lproj/LaunchScreen.storyboard; sourceTree = "<group>"; };
		F32B28B72AA8AD0C005803C8 /* Info.plist */ = {isa = PBXFileReference; lastKnownFileType = text.plist.xml; path = Info.plist; sourceTree = "<group>"; };
		F32D0A7A2AD6BABF0094CA03 /* CheckListCell.swift */ = {isa = PBXFileReference; lastKnownFileType = sourcecode.swift; path = CheckListCell.swift; sourceTree = "<group>"; };
		F32D0A7B2AD6BABF0094CA03 /* CheckListCell.xib */ = {isa = PBXFileReference; lastKnownFileType = file.xib; path = CheckListCell.xib; sourceTree = "<group>"; };
		F32D0A7E2AD6BBB00094CA03 /* check_sample.png */ = {isa = PBXFileReference; lastKnownFileType = image.png; path = check_sample.png; sourceTree = "<group>"; };
		F32D0A802AD6C18E0094CA03 /* Goals.swift */ = {isa = PBXFileReference; lastKnownFileType = sourcecode.swift; path = Goals.swift; sourceTree = "<group>"; };
		F335F9FE2AB9D23000C97E30 /* Main.storyboard */ = {isa = PBXFileReference; fileEncoding = 4; lastKnownFileType = file.storyboard; path = Main.storyboard; sourceTree = "<group>"; };
		F335FA042AB9F13000C97E30 /* CustomTable.swift */ = {isa = PBXFileReference; lastKnownFileType = sourcecode.swift; path = CustomTable.swift; sourceTree = "<group>"; };
		F34109452AC5C0DD00E755F4 /* backImg.png */ = {isa = PBXFileReference; lastKnownFileType = image.png; path = backImg.png; sourceTree = "<group>"; };
		F34109492AC5C1C800E755F4 /* LoginBack.png */ = {isa = PBXFileReference; lastKnownFileType = image.png; path = LoginBack.png; sourceTree = "<group>"; };
		F341094D2AC5E00600E755F4 /* KeywordLabel.swift */ = {isa = PBXFileReference; lastKnownFileType = sourcecode.swift; path = KeywordLabel.swift; sourceTree = "<group>"; };
		F350A1322ABAD51C00203688 /* signUpImg.png */ = {isa = PBXFileReference; lastKnownFileType = image.png; path = signUpImg.png; sourceTree = "<group>"; };
		F350A1352ABAD57600203688 /* FirstViewController.swift */ = {isa = PBXFileReference; lastKnownFileType = sourcecode.swift; path = FirstViewController.swift; sourceTree = "<group>"; };
		F350A1372ABAFB9A00203688 /* Chat.png */ = {isa = PBXFileReference; lastKnownFileType = image.png; path = Chat.png; sourceTree = "<group>"; };
		F350A1392ABB104600203688 /* UILabel.swift */ = {isa = PBXFileReference; lastKnownFileType = sourcecode.swift; path = UILabel.swift; sourceTree = "<group>"; };
		F350A13B2ABB1C3200203688 /* LoginViewController.swift */ = {isa = PBXFileReference; lastKnownFileType = sourcecode.swift; path = LoginViewController.swift; sourceTree = "<group>"; };
		F36344992ADC46C900019770 /* CheckListCellDelegate.swift */ = {isa = PBXFileReference; lastKnownFileType = sourcecode.swift; path = CheckListCellDelegate.swift; sourceTree = "<group>"; };
		F363449B2ADC562200019770 /* noCheckImg.png */ = {isa = PBXFileReference; lastKnownFileType = image.png; path = noCheckImg.png; sourceTree = "<group>"; };
		F3647EBB2AC722F10026FBF0 /* article_img.png */ = {isa = PBXFileReference; lastKnownFileType = image.png; path = article_img.png; sourceTree = "<group>"; };
		F3647EBD2AC72CD40026FBF0 /* mypageBox.png */ = {isa = PBXFileReference; lastKnownFileType = image.png; path = mypageBox.png; sourceTree = "<group>"; };
		F3647EC12AC733290026FBF0 /* gray_line.png */ = {isa = PBXFileReference; lastKnownFileType = image.png; path = gray_line.png; sourceTree = "<group>"; };
		F3647EC32AC73A3C0026FBF0 /* EditPwdViewController.swift */ = {isa = PBXFileReference; lastKnownFileType = sourcecode.swift; path = EditPwdViewController.swift; sourceTree = "<group>"; };
		F36B9E882AC408C500937AD1 /* SearchViewController.swift */ = {isa = PBXFileReference; lastKnownFileType = sourcecode.swift; path = SearchViewController.swift; sourceTree = "<group>"; };
		F36B9E8A2AC40D5300937AD1 /* Keyword.swift */ = {isa = PBXFileReference; lastKnownFileType = sourcecode.swift; path = Keyword.swift; sourceTree = "<group>"; };
		F37D6A372ABE991C007F3C41 /* EmailViewController.swift */ = {isa = PBXFileReference; lastKnownFileType = sourcecode.swift; path = EmailViewController.swift; sourceTree = "<group>"; };
		F37D6A392ABEA7BE007F3C41 /* PwdViewController.swift */ = {isa = PBXFileReference; lastKnownFileType = sourcecode.swift; path = PwdViewController.swift; sourceTree = "<group>"; };
		F37D6A3B2ABEA866007F3C41 /* NameViewController.swift */ = {isa = PBXFileReference; lastKnownFileType = sourcecode.swift; path = NameViewController.swift; sourceTree = "<group>"; };
		F37D6A3D2AC0000F007F3C41 /* TabBarViewController.swift */ = {isa = PBXFileReference; lastKnownFileType = sourcecode.swift; path = TabBarViewController.swift; sourceTree = "<group>"; };
		F38614112AC877CB00D5001F /* GoogleService-Info.plist */ = {isa = PBXFileReference; fileEncoding = 4; lastKnownFileType = text.plist.xml; path = "GoogleService-Info.plist"; sourceTree = "<group>"; };
		F38614162AC87FA300D5001F /* Pretendard-ExtraBold.otf */ = {isa = PBXFileReference; lastKnownFileType = file; name = "Pretendard-ExtraBold.otf"; path = "../../../Downloads/Pretendard-1.3.6/public/static/Pretendard-ExtraBold.otf"; sourceTree = "<group>"; };
		F3A8564B2AB2CE4E00264E3B /* Tags.swift */ = {isa = PBXFileReference; lastKnownFileType = sourcecode.swift; path = Tags.swift; sourceTree = "<group>"; };
		F3A8564D2AB2CF3900264E3B /* TagCell.swift */ = {isa = PBXFileReference; lastKnownFileType = sourcecode.swift; path = TagCell.swift; sourceTree = "<group>"; };
		F3A856512AB2DF0900264E3B /* LeftAlignedCollectionViewFlowLayout.swift */ = {isa = PBXFileReference; lastKnownFileType = sourcecode.swift; path = LeftAlignedCollectionViewFlowLayout.swift; sourceTree = "<group>"; };
		F3AB290D2ADD48650058C5B2 /* AlertViewController.swift */ = {isa = PBXFileReference; lastKnownFileType = sourcecode.swift; path = AlertViewController.swift; sourceTree = "<group>"; };
		F3AB290F2ADD4A0B0058C5B2 /* AlertCell.swift */ = {isa = PBXFileReference; lastKnownFileType = sourcecode.swift; path = AlertCell.swift; sourceTree = "<group>"; };
		F3AB29102ADD4A0B0058C5B2 /* AlertCell.xib */ = {isa = PBXFileReference; lastKnownFileType = file.xib; path = AlertCell.xib; sourceTree = "<group>"; };
		F3AB29132ADD4D9B0058C5B2 /* alertLine.png */ = {isa = PBXFileReference; lastKnownFileType = image.png; path = alertLine.png; sourceTree = "<group>"; };
		F3AB29152ADD52290058C5B2 /* Alert.swift */ = {isa = PBXFileReference; lastKnownFileType = sourcecode.swift; path = Alert.swift; sourceTree = "<group>"; };
		F3AB29172ADD5C9B0058C5B2 /* readLine.png */ = {isa = PBXFileReference; lastKnownFileType = image.png; path = readLine.png; sourceTree = "<group>"; };
		F3B05C032AA99719003EC4A6 /* TestViewController.swift */ = {isa = PBXFileReference; lastKnownFileType = sourcecode.swift; path = TestViewController.swift; sourceTree = "<group>"; };
		F3B05C052AA99729003EC4A6 /* ArticleViewController.swift */ = {isa = PBXFileReference; lastKnownFileType = sourcecode.swift; path = ArticleViewController.swift; sourceTree = "<group>"; };
		F3B05C142AA99BD3003EC4A6 /* Pretendard-Regular.otf */ = {isa = PBXFileReference; lastKnownFileType = file; path = "Pretendard-Regular.otf"; sourceTree = "<group>"; };
		F3B05C152AA99BD3003EC4A6 /* Pretendard-SemiBold.otf */ = {isa = PBXFileReference; lastKnownFileType = file; path = "Pretendard-SemiBold.otf"; sourceTree = "<group>"; };
		F3B05C172AA99BD3003EC4A6 /* Pretendard-Medium.otf */ = {isa = PBXFileReference; lastKnownFileType = file; path = "Pretendard-Medium.otf"; sourceTree = "<group>"; };
		F3B05C1D2AA9A258003EC4A6 /* CustomTabBarItem.swift */ = {isa = PBXFileReference; lastKnownFileType = sourcecode.swift; path = CustomTabBarItem.swift; sourceTree = "<group>"; };
		F3B6991F2AD5C00100C13D88 /* startImg.png */ = {isa = PBXFileReference; lastKnownFileType = image.png; name = startImg.png; path = ../../../Downloads/blueming/startImg.png; sourceTree = "<group>"; };
		F3B795B82AE242600090440F /* baby6.png */ = {isa = PBXFileReference; lastKnownFileType = image.png; path = baby6.png; sourceTree = "<group>"; };
		F3B795B92AE242600090440F /* baby7.png */ = {isa = PBXFileReference; lastKnownFileType = image.png; path = baby7.png; sourceTree = "<group>"; };
		F3B795BA2AE242600090440F /* baby2.png */ = {isa = PBXFileReference; lastKnownFileType = image.png; path = baby2.png; sourceTree = "<group>"; };
		F3B795BB2AE242600090440F /* baby.png */ = {isa = PBXFileReference; lastKnownFileType = image.png; path = baby.png; sourceTree = "<group>"; };
		F3B795BC2AE242600090440F /* baby5.png */ = {isa = PBXFileReference; lastKnownFileType = image.png; path = baby5.png; sourceTree = "<group>"; };
		F3B795BD2AE242600090440F /* baby10.png */ = {isa = PBXFileReference; lastKnownFileType = image.png; path = baby10.png; sourceTree = "<group>"; };
		F3B795BE2AE242600090440F /* baby16.png */ = {isa = PBXFileReference; lastKnownFileType = image.png; path = baby16.png; sourceTree = "<group>"; };
		F3B795BF2AE242600090440F /* baby8.png */ = {isa = PBXFileReference; lastKnownFileType = image.png; path = baby8.png; sourceTree = "<group>"; };
		F3B795C02AE242600090440F /* baby11.png */ = {isa = PBXFileReference; lastKnownFileType = image.png; path = baby11.png; sourceTree = "<group>"; };
		F3B795C12AE242600090440F /* baby13.png */ = {isa = PBXFileReference; lastKnownFileType = image.png; path = baby13.png; sourceTree = "<group>"; };
		F3B795C22AE242600090440F /* baby15.png */ = {isa = PBXFileReference; lastKnownFileType = image.png; path = baby15.png; sourceTree = "<group>"; };
		F3B795C32AE242610090440F /* baby17.png */ = {isa = PBXFileReference; lastKnownFileType = image.png; path = baby17.png; sourceTree = "<group>"; };
		F3B795C42AE242610090440F /* baby9.png */ = {isa = PBXFileReference; lastKnownFileType = image.png; path = baby9.png; sourceTree = "<group>"; };
		F3B795C52AE242610090440F /* baby1.png */ = {isa = PBXFileReference; lastKnownFileType = image.png; path = baby1.png; sourceTree = "<group>"; };
		F3B795C62AE242610090440F /* baby12.png */ = {isa = PBXFileReference; lastKnownFileType = image.png; path = baby12.png; sourceTree = "<group>"; };
		F3B795C72AE242610090440F /* baby14.png */ = {isa = PBXFileReference; lastKnownFileType = image.png; path = baby14.png; sourceTree = "<group>"; };
		F3B795C82AE242610090440F /* baby4.png */ = {isa = PBXFileReference; lastKnownFileType = image.png; path = baby4.png; sourceTree = "<group>"; };
		F3B795C92AE242610090440F /* baby18.png */ = {isa = PBXFileReference; lastKnownFileType = image.png; path = baby18.png; sourceTree = "<group>"; };
		F3B795CA2AE242610090440F /* baby3.png */ = {isa = PBXFileReference; lastKnownFileType = image.png; path = baby3.png; sourceTree = "<group>"; };
		F3B795DE2AE258EA0090440F /* ect2.png */ = {isa = PBXFileReference; lastKnownFileType = image.png; path = ect2.png; sourceTree = "<group>"; };
		F3B795DF2AE258EA0090440F /* ect1.png */ = {isa = PBXFileReference; lastKnownFileType = image.png; path = ect1.png; sourceTree = "<group>"; };
		F3B795E02AE258EA0090440F /* ect3.png */ = {isa = PBXFileReference; lastKnownFileType = image.png; path = ect3.png; sourceTree = "<group>"; };
		F3B795E12AE258EA0090440F /* ect4.png */ = {isa = PBXFileReference; lastKnownFileType = image.png; path = ect4.png; sourceTree = "<group>"; };
		F3B795E22AE258EA0090440F /* ect5.png */ = {isa = PBXFileReference; lastKnownFileType = image.png; path = ect5.png; sourceTree = "<group>"; };
		F3B795E32AE258EA0090440F /* ect.png */ = {isa = PBXFileReference; lastKnownFileType = image.png; path = ect.png; sourceTree = "<group>"; };
		F3B795EA2AE25D7D0090440F /* Pretendard-Bold.otf */ = {isa = PBXFileReference; lastKnownFileType = file; path = "Pretendard-Bold.otf"; sourceTree = "<group>"; };
		F3B9CDAD2ACAB53900DD1E7B /* QuestionViewController.swift */ = {isa = PBXFileReference; lastKnownFileType = sourcecode.swift; path = QuestionViewController.swift; sourceTree = "<group>"; };
		F3B9CDAF2ACAE3D800DD1E7B /* question_background.png */ = {isa = PBXFileReference; lastKnownFileType = image.png; path = question_background.png; sourceTree = "<group>"; };
		F3B9CDB12ACAE50B00DD1E7B /* AnswerCell.swift */ = {isa = PBXFileReference; lastKnownFileType = sourcecode.swift; path = AnswerCell.swift; sourceTree = "<group>"; };
		F3B9CDB22ACAE50B00DD1E7B /* AnswerCell.xib */ = {isa = PBXFileReference; lastKnownFileType = file.xib; path = AnswerCell.xib; sourceTree = "<group>"; };
		F3B9CDB52ACAE5BE00DD1E7B /* answer_view.png */ = {isa = PBXFileReference; lastKnownFileType = image.png; path = answer_view.png; sourceTree = "<group>"; };
		F3B9CDB72ACAE7BA00DD1E7B /* Answer.swift */ = {isa = PBXFileReference; lastKnownFileType = sourcecode.swift; path = Answer.swift; sourceTree = "<group>"; };
		F3B9CDB92ACAE9FC00DD1E7B /* select_background.png */ = {isa = PBXFileReference; lastKnownFileType = image.png; path = select_background.png; sourceTree = "<group>"; };
		F3B9CDBB2ACB11E900DD1E7B /* ResultViewController.swift */ = {isa = PBXFileReference; lastKnownFileType = sourcecode.swift; path = ResultViewController.swift; sourceTree = "<group>"; };
		F3B9CDBD2ACB131D00DD1E7B /* result_box.png */ = {isa = PBXFileReference; lastKnownFileType = image.png; path = result_box.png; sourceTree = "<group>"; };
		F3B9CDBF2ACB227400DD1E7B /* QuestionPopUp.swift */ = {isa = PBXFileReference; lastKnownFileType = sourcecode.swift; path = QuestionPopUp.swift; sourceTree = "<group>"; };
		F3B9CDC02ACB227400DD1E7B /* QuestionPopUp.xib */ = {isa = PBXFileReference; lastKnownFileType = file.xib; path = QuestionPopUp.xib; sourceTree = "<group>"; };
		F3BB67062AC7FA2C0066E0DD /* EditProfileViewController.swift */ = {isa = PBXFileReference; lastKnownFileType = sourcecode.swift; path = EditProfileViewController.swift; sourceTree = "<group>"; };
		F3BB67082AC8056B0066E0DD /* NotificationCenter.swift */ = {isa = PBXFileReference; lastKnownFileType = sourcecode.swift; path = NotificationCenter.swift; sourceTree = "<group>"; };
		F3D48F3C2ACC865400643D1B /* popup.png */ = {isa = PBXFileReference; lastKnownFileType = image.png; path = popup.png; sourceTree = "<group>"; };
		F3E587832AA9B80000578876 /* box1.png */ = {isa = PBXFileReference; lastKnownFileType = image.png; path = box1.png; sourceTree = "<group>"; };
		F3E587852AA9B99800578876 /* box-1x.png */ = {isa = PBXFileReference; lastKnownFileType = image.png; path = "box-1x.png"; sourceTree = "<group>"; };
		F3EEF9252AB0C1E5007F3D81 /* example_img.png */ = {isa = PBXFileReference; lastKnownFileType = image.png; path = example_img.png; sourceTree = "<group>"; };
		F3EEF92B2AB0E234007F3D81 /* article-back.png */ = {isa = PBXFileReference; lastKnownFileType = image.png; path = "article-back.png"; sourceTree = "<group>"; };
		F3F7F1FB2AA995660050263F /* UIColor.swift */ = {isa = PBXFileReference; lastKnownFileType = sourcecode.swift; path = UIColor.swift; sourceTree = "<group>"; };
		F3FF97212ADE3159002BBB1B /* depressed8.png */ = {isa = PBXFileReference; lastKnownFileType = image.png; path = depressed8.png; sourceTree = "<group>"; };
		F3FF97222ADE3159002BBB1B /* depressed10.png */ = {isa = PBXFileReference; lastKnownFileType = image.png; path = depressed10.png; sourceTree = "<group>"; };
		F3FF97232ADE3159002BBB1B /* depressed12.png */ = {isa = PBXFileReference; lastKnownFileType = image.png; path = depressed12.png; sourceTree = "<group>"; };
		F3FF97242ADE3159002BBB1B /* depressed1.png */ = {isa = PBXFileReference; lastKnownFileType = image.png; path = depressed1.png; sourceTree = "<group>"; };
		F3FF97252ADE3159002BBB1B /* depressed4.png */ = {isa = PBXFileReference; lastKnownFileType = image.png; path = depressed4.png; sourceTree = "<group>"; };
		F3FF97262ADE3159002BBB1B /* depressed5.png */ = {isa = PBXFileReference; lastKnownFileType = image.png; path = depressed5.png; sourceTree = "<group>"; };
		F3FF97272ADE3159002BBB1B /* depressed7.png */ = {isa = PBXFileReference; lastKnownFileType = image.png; path = depressed7.png; sourceTree = "<group>"; };
		F3FF97282ADE3159002BBB1B /* depressed9.png */ = {isa = PBXFileReference; lastKnownFileType = image.png; path = depressed9.png; sourceTree = "<group>"; };
		F3FF97292ADE3159002BBB1B /* depressed11.png */ = {isa = PBXFileReference; lastKnownFileType = image.png; path = depressed11.png; sourceTree = "<group>"; };
		F3FF972A2ADE315A002BBB1B /* depressed2.png */ = {isa = PBXFileReference; lastKnownFileType = image.png; path = depressed2.png; sourceTree = "<group>"; };
		F3FF972B2ADE315A002BBB1B /* depressed3.png */ = {isa = PBXFileReference; lastKnownFileType = image.png; path = depressed3.png; sourceTree = "<group>"; };
		F3FF972C2ADE315A002BBB1B /* depressed6.png */ = {isa = PBXFileReference; lastKnownFileType = image.png; path = depressed6.png; sourceTree = "<group>"; };
		F3FF97392ADE3E0D002BBB1B /* stress4.png */ = {isa = PBXFileReference; lastKnownFileType = image.png; path = stress4.png; sourceTree = "<group>"; };
		F3FF973A2ADE3E0D002BBB1B /* stress2.png */ = {isa = PBXFileReference; lastKnownFileType = image.png; path = stress2.png; sourceTree = "<group>"; };
		F3FF973B2ADE3E0D002BBB1B /* stress1.png */ = {isa = PBXFileReference; lastKnownFileType = image.png; path = stress1.png; sourceTree = "<group>"; };
		F3FF973C2ADE3E0D002BBB1B /* depressed13.png */ = {isa = PBXFileReference; lastKnownFileType = image.png; path = depressed13.png; sourceTree = "<group>"; };
		F3FF973D2ADE3E0D002BBB1B /* depressed14.png */ = {isa = PBXFileReference; lastKnownFileType = image.png; path = depressed14.png; sourceTree = "<group>"; };
		F3FF973E2ADE3E0D002BBB1B /* stress6.png */ = {isa = PBXFileReference; lastKnownFileType = image.png; path = stress6.png; sourceTree = "<group>"; };
		F3FF973F2ADE3E0D002BBB1B /* stress8.png */ = {isa = PBXFileReference; lastKnownFileType = image.png; path = stress8.png; sourceTree = "<group>"; };
		F3FF97402ADE3E0D002BBB1B /* stress3.png */ = {isa = PBXFileReference; lastKnownFileType = image.png; path = stress3.png; sourceTree = "<group>"; };
		F3FF97412ADE3E0D002BBB1B /* stress5.png */ = {isa = PBXFileReference; lastKnownFileType = image.png; path = stress5.png; sourceTree = "<group>"; };
		F3FF97422ADE3E0D002BBB1B /* stress7.png */ = {isa = PBXFileReference; lastKnownFileType = image.png; path = stress7.png; sourceTree = "<group>"; };
		F3FF974D2ADE4237002BBB1B /* confusion5.png */ = {isa = PBXFileReference; lastKnownFileType = image.png; path = confusion5.png; sourceTree = "<group>"; };
		F3FF974E2ADE4237002BBB1B /* confusion6.png */ = {isa = PBXFileReference; lastKnownFileType = image.png; path = confusion6.png; sourceTree = "<group>"; };
		F3FF974F2ADE4237002BBB1B /* confusion2.png */ = {isa = PBXFileReference; lastKnownFileType = image.png; path = confusion2.png; sourceTree = "<group>"; };
		F3FF97502ADE4237002BBB1B /* confusion3.png */ = {isa = PBXFileReference; lastKnownFileType = image.png; path = confusion3.png; sourceTree = "<group>"; };
		F3FF97512ADE4237002BBB1B /* confusion4.png */ = {isa = PBXFileReference; lastKnownFileType = image.png; path = confusion4.png; sourceTree = "<group>"; };
		F3FF97522ADE4237002BBB1B /* confusion1.png */ = {isa = PBXFileReference; lastKnownFileType = image.png; path = confusion1.png; sourceTree = "<group>"; };
/* End PBXFileReference section */

/* Begin PBXFrameworksBuildPhase section */
		F32B28A32AA8AD0B005803C8 /* Frameworks */ = {
			isa = PBXFrameworksBuildPhase;
			buildActionMask = 2147483647;
			files = (
				F38614102AC875F200D5001F /* FirebaseAnalytics in Frameworks */,
				3F4B3E9681166715A8B3369D /* Pods_Blueming.framework in Frameworks */,
			);
			runOnlyForDeploymentPostprocessing = 0;
		};
/* End PBXFrameworksBuildPhase section */

/* Begin PBXGroup section */
		09CE58853518917B0417F076 /* Pods */ = {
			isa = PBXGroup;
			children = (
				CEF1C2E7EC930CF10FE8047F /* Pods-Blueming.debug.xcconfig */,
				819B905DCFFF0DA1D7876928 /* Pods-Blueming.release.xcconfig */,
			);
			path = Pods;
			sourceTree = "<group>";
		};
		DE0F755FD37D9786B8409125 /* Frameworks */ = {
			isa = PBXGroup;
			children = (
				D47D168201E5E31B7530E42C /* Pods_Blueming.framework */,
			);
			name = Frameworks;
			sourceTree = "<group>";
		};
		F3190E2C2AAC813A000A7343 /* Model */ = {
			isa = PBXGroup;
			children = (
				F3190E2D2AAC814A000A7343 /* Article.swift */,
				F3A8564B2AB2CE4E00264E3B /* Tags.swift */,
				F36B9E8A2AC40D5300937AD1 /* Keyword.swift */,
				F3BB67082AC8056B0066E0DD /* NotificationCenter.swift */,
				F3B9CDB72ACAE7BA00DD1E7B /* Answer.swift */,
				F32D0A802AD6C18E0094CA03 /* Goals.swift */,
				F36344992ADC46C900019770 /* CheckListCellDelegate.swift */,
				F3AB29152ADD52290058C5B2 /* Alert.swift */,
			);
			path = Model;
			sourceTree = "<group>";
		};
		F32B289D2AA8AD0B005803C8 = {
			isa = PBXGroup;
			children = (
				F32B28A82AA8AD0B005803C8 /* Blueming */,
				F32B28A72AA8AD0B005803C8 /* Products */,
				09CE58853518917B0417F076 /* Pods */,
				DE0F755FD37D9786B8409125 /* Frameworks */,
			);
			sourceTree = "<group>";
		};
		F32B28A72AA8AD0B005803C8 /* Products */ = {
			isa = PBXGroup;
			children = (
				F32B28A62AA8AD0B005803C8 /* Blueming.app */,
			);
			name = Products;
			sourceTree = "<group>";
		};
		F32B28A82AA8AD0B005803C8 /* Blueming */ = {
			isa = PBXGroup;
			children = (
				F350A1342ABAD53100203688 /* Sources */,
				F3190E2C2AAC813A000A7343 /* Model */,
				F3B05C1C2AA9A243003EC4A6 /* Custom */,
				F3B05C072AA999BC003EC4A6 /* Resources */,
				F32B28BD2AA8AE83005803C8 /* Font */,
				F32B28A92AA8AD0B005803C8 /* AppDelegate.swift */,
				F32B28AB2AA8AD0B005803C8 /* SceneDelegate.swift */,
				F335F9FE2AB9D23000C97E30 /* Main.storyboard */,
				F32B28B22AA8AD0C005803C8 /* Assets.xcassets */,
				F32B28B42AA8AD0C005803C8 /* LaunchScreen.storyboard */,
				F32B28B72AA8AD0C005803C8 /* Info.plist */,
				F38614112AC877CB00D5001F /* GoogleService-Info.plist */,
			);
			path = Blueming;
			sourceTree = "<group>";
		};
		F32B28BD2AA8AE83005803C8 /* Font */ = {
			isa = PBXGroup;
			children = (
				F3B795EA2AE25D7D0090440F /* Pretendard-Bold.otf */,
				F3B05C172AA99BD3003EC4A6 /* Pretendard-Medium.otf */,
				F3B05C142AA99BD3003EC4A6 /* Pretendard-Regular.otf */,
				F38614162AC87FA300D5001F /* Pretendard-ExtraBold.otf */,
				F3B05C152AA99BD3003EC4A6 /* Pretendard-SemiBold.otf */,
			);
			path = Font;
			sourceTree = "<group>";
		};
		F350A1342ABAD53100203688 /* Sources */ = {
			isa = PBXGroup;
			children = (
				F3B05C032AA99719003EC4A6 /* TestViewController.swift */,
				F3B05C052AA99729003EC4A6 /* ArticleViewController.swift */,
				F3190E262AAC535E000A7343 /* CheckViewController.swift */,
				F3190E282AAC536C000A7343 /* MypageViewController.swift */,
				F3190E2A2AAC6515000A7343 /* HomeViewController.swift */,
				F350A1352ABAD57600203688 /* FirstViewController.swift */,
				F350A13B2ABB1C3200203688 /* LoginViewController.swift */,
				F37D6A372ABE991C007F3C41 /* EmailViewController.swift */,
				F37D6A392ABEA7BE007F3C41 /* PwdViewController.swift */,
				F37D6A3B2ABEA866007F3C41 /* NameViewController.swift */,
				F37D6A3D2AC0000F007F3C41 /* TabBarViewController.swift */,
				F36B9E882AC408C500937AD1 /* SearchViewController.swift */,
				F3647EC32AC73A3C0026FBF0 /* EditPwdViewController.swift */,
				F3BB67062AC7FA2C0066E0DD /* EditProfileViewController.swift */,
				F30E3D3D2AC8575900CB1316 /* LogOutViewController.swift */,
				F30E3D412AC86DB700CB1316 /* SignOutViewController.swift */,
				F3B9CDAD2ACAB53900DD1E7B /* QuestionViewController.swift */,
				F3B9CDBB2ACB11E900DD1E7B /* ResultViewController.swift */,
				F3B9CDBF2ACB227400DD1E7B /* QuestionPopUp.swift */,
				F3B9CDC02ACB227400DD1E7B /* QuestionPopUp.xib */,
				F3AB290D2ADD48650058C5B2 /* AlertViewController.swift */,
				F30319672ADF95090016D51C /* SelectEmotionViewController.swift */,
				F30319682ADF95090016D51C /* SelectEmotionViewController.xib */,
				F30319752AE01A5A0016D51C /* SelectHealthViewController.swift */,
				F30319762AE01A5A0016D51C /* SelectHealthViewController.xib */,
			);
			path = Sources;
			sourceTree = "<group>";
		};
		F3B05C072AA999BC003EC4A6 /* Resources */ = {
			isa = PBXGroup;
			children = (
				F3B795E32AE258EA0090440F /* ect.png */,
				F3B795DF2AE258EA0090440F /* ect1.png */,
				F3B795DE2AE258EA0090440F /* ect2.png */,
				F3B795E02AE258EA0090440F /* ect3.png */,
				F3B795E12AE258EA0090440F /* ect4.png */,
				F3B795E22AE258EA0090440F /* ect5.png */,
				F3B795BB2AE242600090440F /* baby.png */,
				F3B795C52AE242610090440F /* baby1.png */,
				F3B795BA2AE242600090440F /* baby2.png */,
				F3B795CA2AE242610090440F /* baby3.png */,
				F3B795C82AE242610090440F /* baby4.png */,
				F3B795BC2AE242600090440F /* baby5.png */,
				F3B795B82AE242600090440F /* baby6.png */,
				F3B795B92AE242600090440F /* baby7.png */,
				F3B795BF2AE242600090440F /* baby8.png */,
				F3B795C42AE242610090440F /* baby9.png */,
				F3B795BD2AE242600090440F /* baby10.png */,
				F3B795C02AE242600090440F /* baby11.png */,
				F3B795C62AE242610090440F /* baby12.png */,
				F3B795C12AE242600090440F /* baby13.png */,
				F3B795C72AE242610090440F /* baby14.png */,
				F3B795C22AE242600090440F /* baby15.png */,
				F3B795BE2AE242600090440F /* baby16.png */,
				F3B795C32AE242610090440F /* baby17.png */,
				F3B795C92AE242610090440F /* baby18.png */,
				F30319A52AE087640016D51C /* family.png */,
				F30319A92AE087640016D51C /* family1.png */,
				F30319B02AE087640016D51C /* family2.png */,
				F30319AD2AE087640016D51C /* family3.png */,
				F30319AA2AE087640016D51C /* family4.png */,
				F30319B32AE087650016D51C /* family5.png */,
				F30319A72AE087640016D51C /* family6.png */,
				F30319AE2AE087640016D51C /* family7.png */,
				F30319B52AE087650016D51C /* family8.png */,
				F30319A82AE087640016D51C /* family9.png */,
				F30319B12AE087640016D51C /* family10.png */,
				F30319B22AE087650016D51C /* family11.png */,
				F30319AB2AE087640016D51C /* family12.png */,
				F30319AF2AE087640016D51C /* family13.png */,
				F30319A62AE087640016D51C /* family14.png */,
				F30319B62AE087650016D51C /* family15.png */,
				F30319B42AE087650016D51C /* family16.png */,
				F30319AC2AE087640016D51C /* family17.png */,
				F30319822AE084BF0016D51C /* body.png */,
				F30319802AE084BF0016D51C /* body1.png */,
				F30319832AE084C00016D51C /* body2.png */,
				F30319862AE084C00016D51C /* body3.png */,
				F303198B2AE084C00016D51C /* body4.png */,
				F303197F2AE084BF0016D51C /* body5.png */,
				F30319892AE084C00016D51C /* body6.png */,
				F30319882AE084C00016D51C /* body7.png */,
				F30319812AE084BF0016D51C /* body8.png */,
				F303198A2AE084C00016D51C /* body9.png */,
				F303198D2AE084C00016D51C /* body10.png */,
				F303197E2AE084BF0016D51C /* body11.png */,
				F303198C2AE084C00016D51C /* body12.png */,
				F303198E2AE084C00016D51C /* body13.png */,
				F303198F2AE084C00016D51C /* body14.png */,
				F303197D2AE084BF0016D51C /* body15.png */,
				F30319842AE084C00016D51C /* body16.png */,
				F30319852AE084C00016D51C /* body17.png */,
				F30319902AE084C00016D51C /* body18.png */,
				F30319872AE084C00016D51C /* body19.png */,
				F30319732ADF9D780016D51C /* emotion_example.png */,
				F30319712ADF9BAC0016D51C /* emotionCell.png */,
				F303196B2ADF96880016D51C /* emotionPopup.png */,
				F30545732ADE9A6C00C18971 /* slide1.png */,
				F30545722ADE9A6C00C18971 /* slide2.png */,
				F30545712ADE9A6C00C18971 /* slide3.png */,
				F30545672ADE98EF00C18971 /* unrest1.png */,
				F30545682ADE98EF00C18971 /* unrest2.png */,
				F30545632ADE98EF00C18971 /* unrest3.png */,
				F30545692ADE98EF00C18971 /* unrest4.png */,
				F30545642ADE98EF00C18971 /* unrest5.png */,
				F30545652ADE98EF00C18971 /* unrest6.png */,
				F30545662ADE98EF00C18971 /* unrest7.png */,
				F30545592ADE97C400C18971 /* sad1.png */,
				F305455A2ADE97C400C18971 /* sad2.png */,
				F30545582ADE97C400C18971 /* sad3.png */,
				F30545552ADE97C400C18971 /* sad4.png */,
				F30545572ADE97C400C18971 /* sad5.png */,
				F305455B2ADE97C400C18971 /* sad6.png */,
				F30545562ADE97C400C18971 /* sad7.png */,
				F3FF97522ADE4237002BBB1B /* confusion1.png */,
				F3FF974F2ADE4237002BBB1B /* confusion2.png */,
				F3FF97502ADE4237002BBB1B /* confusion3.png */,
				F3FF97512ADE4237002BBB1B /* confusion4.png */,
				F3FF974D2ADE4237002BBB1B /* confusion5.png */,
				F3FF974E2ADE4237002BBB1B /* confusion6.png */,
				F3AB29132ADD4D9B0058C5B2 /* alertLine.png */,
				F363449B2ADC562200019770 /* noCheckImg.png */,
				F3D48F3C2ACC865400643D1B /* popup.png */,
				F3FF973C2ADE3E0D002BBB1B /* depressed13.png */,
				F3FF973D2ADE3E0D002BBB1B /* depressed14.png */,
				F3FF973B2ADE3E0D002BBB1B /* stress1.png */,
				F3FF973A2ADE3E0D002BBB1B /* stress2.png */,
				F3FF97402ADE3E0D002BBB1B /* stress3.png */,
				F3FF97392ADE3E0D002BBB1B /* stress4.png */,
				F3FF97412ADE3E0D002BBB1B /* stress5.png */,
				F3FF973E2ADE3E0D002BBB1B /* stress6.png */,
				F3FF97422ADE3E0D002BBB1B /* stress7.png */,
				F3FF973F2ADE3E0D002BBB1B /* stress8.png */,
				F3FF97242ADE3159002BBB1B /* depressed1.png */,
				F3FF972A2ADE315A002BBB1B /* depressed2.png */,
				F3FF972B2ADE315A002BBB1B /* depressed3.png */,
				F3FF97252ADE3159002BBB1B /* depressed4.png */,
				F3FF97262ADE3159002BBB1B /* depressed5.png */,
				F3FF972C2ADE315A002BBB1B /* depressed6.png */,
				F3FF97272ADE3159002BBB1B /* depressed7.png */,
				F3FF97212ADE3159002BBB1B /* depressed8.png */,
				F3FF97282ADE3159002BBB1B /* depressed9.png */,
				F3FF97222ADE3159002BBB1B /* depressed10.png */,
				F3FF97292ADE3159002BBB1B /* depressed11.png */,
				F3FF97232ADE3159002BBB1B /* depressed12.png */,
				F32D0A7E2AD6BBB00094CA03 /* check_sample.png */,
				F3AB29172ADD5C9B0058C5B2 /* readLine.png */,
				F3B9CDBD2ACB131D00DD1E7B /* result_box.png */,
				F3B9CDB92ACAE9FC00DD1E7B /* select_background.png */,
				F3B9CDB52ACAE5BE00DD1E7B /* answer_view.png */,
				F3B9CDAF2ACAE3D800DD1E7B /* question_background.png */,
				F350A1372ABAFB9A00203688 /* Chat.png */,
				F350A1322ABAD51C00203688 /* signUpImg.png */,
				F30E3D3F2AC857A100CB1316 /* popup-view.png */,
				F3647EBD2AC72CD40026FBF0 /* mypageBox.png */,
				F3B6991F2AD5C00100C13D88 /* startImg.png */,
				F3647EC12AC733290026FBF0 /* gray_line.png */,
				F3647EBB2AC722F10026FBF0 /* article_img.png */,
				F3EEF9252AB0C1E5007F3D81 /* example_img.png */,
				F3E587852AA9B99800578876 /* box-1x.png */,
				F34109492AC5C1C800E755F4 /* LoginBack.png */,
				F34109452AC5C0DD00E755F4 /* backImg.png */,
				F3EEF92B2AB0E234007F3D81 /* article-back.png */,
				F3190E1E2AAC4C95000A7343 /* target-box.png */,
				F3190E242AAC4E33000A7343 /* blue-rec.png */,
				F3E587832AA9B80000578876 /* box1.png */,
			);
			path = Resources;
			sourceTree = "<group>";
		};
		F3B05C1C2AA9A243003EC4A6 /* Custom */ = {
			isa = PBXGroup;
			children = (
				F3F7F1FB2AA995660050263F /* UIColor.swift */,
				F3190E312AAC833C000A7343 /* MainArticleCell.swift */,
				F3190E322AAC833C000A7343 /* MainArticleCell.xib */,
				F3A8564D2AB2CF3900264E3B /* TagCell.swift */,
				F3A856512AB2DF0900264E3B /* LeftAlignedCollectionViewFlowLayout.swift */,
				F335FA042AB9F13000C97E30 /* CustomTable.swift */,
				F3B05C1D2AA9A258003EC4A6 /* CustomTabBarItem.swift */,
				F350A1392ABB104600203688 /* UILabel.swift */,
				F341094D2AC5E00600E755F4 /* KeywordLabel.swift */,
				F3B9CDB12ACAE50B00DD1E7B /* AnswerCell.swift */,
				F3B9CDB22ACAE50B00DD1E7B /* AnswerCell.xib */,
				F32D0A7A2AD6BABF0094CA03 /* CheckListCell.swift */,
				F32D0A7B2AD6BABF0094CA03 /* CheckListCell.xib */,
				F3AB290F2ADD4A0B0058C5B2 /* AlertCell.swift */,
				F3AB29102ADD4A0B0058C5B2 /* AlertCell.xib */,
				F303196D2ADF9B880016D51C /* EmotionCell.swift */,
				F303196E2ADF9B880016D51C /* EmotionCell.xib */,
			);
			path = Custom;
			sourceTree = "<group>";
		};
/* End PBXGroup section */

/* Begin PBXNativeTarget section */
		F32B28A52AA8AD0B005803C8 /* Blueming */ = {
			isa = PBXNativeTarget;
			buildConfigurationList = F32B28BA2AA8AD0C005803C8 /* Build configuration list for PBXNativeTarget "Blueming" */;
			buildPhases = (
				D6591278FD8588AA148A4446 /* [CP] Check Pods Manifest.lock */,
				F32B28A22AA8AD0B005803C8 /* Sources */,
				F32B28A32AA8AD0B005803C8 /* Frameworks */,
				F32B28A42AA8AD0B005803C8 /* Resources */,
				88188B4C2631F8687C468501 /* [CP] Embed Pods Frameworks */,
			);
			buildRules = (
			);
			dependencies = (
			);
			name = Blueming;
			packageProductDependencies = (
				F386140F2AC875F200D5001F /* FirebaseAnalytics */,
			);
			productName = Blueming;
			productReference = F32B28A62AA8AD0B005803C8 /* Blueming.app */;
			productType = "com.apple.product-type.application";
		};
/* End PBXNativeTarget section */

/* Begin PBXProject section */
		F32B289E2AA8AD0B005803C8 /* Project object */ = {
			isa = PBXProject;
			attributes = {
				BuildIndependentTargetsInParallel = 1;
				LastSwiftUpdateCheck = 1430;
				LastUpgradeCheck = 1430;
				TargetAttributes = {
					F32B28A52AA8AD0B005803C8 = {
						CreatedOnToolsVersion = 14.3.1;
					};
				};
			};
			buildConfigurationList = F32B28A12AA8AD0B005803C8 /* Build configuration list for PBXProject "Blueming" */;
			compatibilityVersion = "Xcode 14.0";
			developmentRegion = en;
			hasScannedForEncodings = 0;
			knownRegions = (
				en,
				Base,
			);
			mainGroup = F32B289D2AA8AD0B005803C8;
			packageReferences = (
				F386140E2AC875F200D5001F /* XCRemoteSwiftPackageReference "firebase-ios-sdk" */,
			);
			productRefGroup = F32B28A72AA8AD0B005803C8 /* Products */;
			projectDirPath = "";
			projectRoot = "";
			targets = (
				F32B28A52AA8AD0B005803C8 /* Blueming */,
			);
		};
/* End PBXProject section */

/* Begin PBXResourcesBuildPhase section */
		F32B28A42AA8AD0B005803C8 /* Resources */ = {
			isa = PBXResourcesBuildPhase;
			buildActionMask = 2147483647;
			files = (
				F30319BD2AE087650016D51C /* family12.png in Resources */,
				F305456B2ADE98EF00C18971 /* unrest5.png in Resources */,
				F30545622ADE97C400C18971 /* sad6.png in Resources */,
				F3B9CDBE2ACB131D00DD1E7B /* result_box.png in Resources */,
				F34109462AC5C0DD00E755F4 /* backImg.png in Resources */,
				F3FF97362ADE315A002BBB1B /* depressed2.png in Resources */,
				F30319B92AE087650016D51C /* family6.png in Resources */,
				F30319A12AE084C00016D51C /* body10.png in Resources */,
				F3190E252AAC4E33000A7343 /* blue-rec.png in Resources */,
				F30319A22AE084C00016D51C /* body13.png in Resources */,
				F3B795DB2AE242610090440F /* baby4.png in Resources */,
				F3647EBC2AC722F10026FBF0 /* article_img.png in Resources */,
				F3B795E82AE258EA0090440F /* ect5.png in Resources */,
				F3B795E52AE258EA0090440F /* ect1.png in Resources */,
				F30319BE2AE087650016D51C /* family17.png in Resources */,
				F3190E342AAC833C000A7343 /* MainArticleCell.xib in Resources */,
				F3FF97322ADE315A002BBB1B /* depressed5.png in Resources */,
				F3FF97332ADE315A002BBB1B /* depressed7.png in Resources */,
				F3FF97562ADE4237002BBB1B /* confusion3.png in Resources */,
				F3B9CDC22ACB227400DD1E7B /* QuestionPopUp.xib in Resources */,
				F30319722ADF9BAC0016D51C /* emotionCell.png in Resources */,
				F30319C22AE087650016D51C /* family2.png in Resources */,
				F3FF97582ADE4237002BBB1B /* confusion1.png in Resources */,
				F32B28B62AA8AD0C005803C8 /* LaunchScreen.storyboard in Resources */,
				F3B795EB2AE25D7D0090440F /* Pretendard-Bold.otf in Resources */,
				F30319A02AE084C00016D51C /* body12.png in Resources */,
				F305456D2ADE98EF00C18971 /* unrest7.png in Resources */,
				F3B795D72AE242610090440F /* baby9.png in Resources */,
				F3E587842AA9B80000578876 /* box1.png in Resources */,
				F30319BB2AE087650016D51C /* family1.png in Resources */,
				F3B795E72AE258EA0090440F /* ect4.png in Resources */,
				F30319992AE084C00016D51C /* body17.png in Resources */,
				F30319C12AE087650016D51C /* family13.png in Resources */,
				F363449C2ADC562200019770 /* noCheckImg.png in Resources */,
				F38614172AC87FA300D5001F /* Pretendard-ExtraBold.otf in Resources */,
				F3B795D02AE242610090440F /* baby10.png in Resources */,
				F3AB29122ADD4A0B0058C5B2 /* AlertCell.xib in Resources */,
				F3FF972D2ADE315A002BBB1B /* depressed8.png in Resources */,
				F303196C2ADF96880016D51C /* emotionPopup.png in Resources */,
				F38614122AC877CB00D5001F /* GoogleService-Info.plist in Resources */,
				F3FF97492ADE3E0D002BBB1B /* stress8.png in Resources */,
				F30319702ADF9B880016D51C /* EmotionCell.xib in Resources */,
				F303199E2AE084C00016D51C /* body9.png in Resources */,
				F30319932AE084C00016D51C /* body5.png in Resources */,
				F3B795D62AE242610090440F /* baby17.png in Resources */,
				F30319C52AE087650016D51C /* family5.png in Resources */,
				F3FF97572ADE4237002BBB1B /* confusion4.png in Resources */,
				F30E3D402AC857A100CB1316 /* popup-view.png in Resources */,
				F305456E2ADE98EF00C18971 /* unrest1.png in Resources */,
				F30545602ADE97C400C18971 /* sad1.png in Resources */,
				F30319A32AE084C00016D51C /* body14.png in Resources */,
				F3AB29182ADD5C9B0058C5B2 /* readLine.png in Resources */,
				F30319B82AE087650016D51C /* family14.png in Resources */,
				F3FF97482ADE3E0D002BBB1B /* stress6.png in Resources */,
				F30319B72AE087650016D51C /* family.png in Resources */,
				F305455E2ADE97C400C18971 /* sad5.png in Resources */,
				F30319BC2AE087650016D51C /* family4.png in Resources */,
				F341094A2AC5C1C800E755F4 /* LoginBack.png in Resources */,
				F3B795D92AE242610090440F /* baby12.png in Resources */,
				F3FF97312ADE315A002BBB1B /* depressed4.png in Resources */,
				F30319BA2AE087650016D51C /* family9.png in Resources */,
				F305455F2ADE97C400C18971 /* sad3.png in Resources */,
				F3EEF92C2AB0E234007F3D81 /* article-back.png in Resources */,
				F30545612ADE97C400C18971 /* sad2.png in Resources */,
				F305455C2ADE97C400C18971 /* sad4.png in Resources */,
				F3B9CDB62ACAE5BE00DD1E7B /* answer_view.png in Resources */,
				F30319C32AE087650016D51C /* family10.png in Resources */,
				F30319962AE084C00016D51C /* body.png in Resources */,
				F30319982AE084C00016D51C /* body16.png in Resources */,
				F3B05C1B2AA99BD3003EC4A6 /* Pretendard-Medium.otf in Resources */,
				F30319922AE084C00016D51C /* body11.png in Resources */,
				F3FF97462ADE3E0D002BBB1B /* depressed13.png in Resources */,
				F3B795D82AE242610090440F /* baby1.png in Resources */,
				F3B795D52AE242610090440F /* baby15.png in Resources */,
				F30545752ADE9A6C00C18971 /* slide2.png in Resources */,
				F3B795CD2AE242610090440F /* baby2.png in Resources */,
				F3FF97452ADE3E0D002BBB1B /* stress1.png in Resources */,
				F30545762ADE9A6C00C18971 /* slide1.png in Resources */,
				F3FF97432ADE3E0D002BBB1B /* stress4.png in Resources */,
				F305456F2ADE98EF00C18971 /* unrest2.png in Resources */,
				F3FF97532ADE4237002BBB1B /* confusion5.png in Resources */,
				F3B795E92AE258EA0090440F /* ect.png in Resources */,
				F3FF97472ADE3E0D002BBB1B /* depressed14.png in Resources */,
				F30319952AE084C00016D51C /* body8.png in Resources */,
				F30319C72AE087650016D51C /* family8.png in Resources */,
				F30319C62AE087650016D51C /* family16.png in Resources */,
				F3D48F3D2ACC865400643D1B /* popup.png in Resources */,
				F30319912AE084C00016D51C /* body15.png in Resources */,
				F3B795CE2AE242610090440F /* baby.png in Resources */,
				F3B795E62AE258EA0090440F /* ect3.png in Resources */,
				F3B795E42AE258EA0090440F /* ect2.png in Resources */,
				F3B9CDB02ACAE3D800DD1E7B /* question_background.png in Resources */,
				F3FF97372ADE315A002BBB1B /* depressed3.png in Resources */,
				F3B699202AD5C00100C13D88 /* startImg.png in Resources */,
				F30319742ADF9D780016D51C /* emotion_example.png in Resources */,
				F32D0A7F2AD6BBB00094CA03 /* check_sample.png in Resources */,
				F3E587862AA9B99800578876 /* box-1x.png in Resources */,
				F3B05C192AA99BD3003EC4A6 /* Pretendard-SemiBold.otf in Resources */,
				F30319972AE084C00016D51C /* body2.png in Resources */,
				F350A1382ABAFB9A00203688 /* Chat.png in Resources */,
				F30545702ADE98EF00C18971 /* unrest4.png in Resources */,
				F3B05C182AA99BD3003EC4A6 /* Pretendard-Regular.otf in Resources */,
				F335F9FF2AB9D23000C97E30 /* Main.storyboard in Resources */,
				F3FF974A2ADE3E0D002BBB1B /* stress3.png in Resources */,
				F3FF974B2ADE3E0D002BBB1B /* stress5.png in Resources */,
				F3B795D32AE242610090440F /* baby11.png in Resources */,
				F30319C42AE087650016D51C /* family11.png in Resources */,
				F32D0A7D2AD6BABF0094CA03 /* CheckListCell.xib in Resources */,
				F3190E1F2AAC4C95000A7343 /* target-box.png in Resources */,
				F3EEF9262AB0C1E5007F3D81 /* example_img.png in Resources */,
				F3B9CDBA2ACAE9FC00DD1E7B /* select_background.png in Resources */,
				F3647EC22AC733290026FBF0 /* gray_line.png in Resources */,
				F303199B2AE084C00016D51C /* body19.png in Resources */,
				F305456C2ADE98EF00C18971 /* unrest6.png in Resources */,
				F3FF97302ADE315A002BBB1B /* depressed1.png in Resources */,
				F3B795CC2AE242610090440F /* baby7.png in Resources */,
				F3B9CDB42ACAE50B00DD1E7B /* AnswerCell.xib in Resources */,
				F3B795D12AE242610090440F /* baby16.png in Resources */,
				F3FF97542ADE4237002BBB1B /* confusion6.png in Resources */,
				F3B795DA2AE242610090440F /* baby14.png in Resources */,
				F3FF972E2ADE315A002BBB1B /* depressed10.png in Resources */,
				F303199A2AE084C00016D51C /* body3.png in Resources */,
				F3B795CF2AE242610090440F /* baby5.png in Resources */,
				F30319C82AE087650016D51C /* family15.png in Resources */,
				F3AB29142ADD4D9B0058C5B2 /* alertLine.png in Resources */,
				F3B795CB2AE242610090440F /* baby6.png in Resources */,
				F3FF97352ADE315A002BBB1B /* depressed11.png in Resources */,
				F30319BF2AE087650016D51C /* family3.png in Resources */,
				F30319A42AE084C00016D51C /* body18.png in Resources */,
				F32B28B32AA8AD0C005803C8 /* Assets.xcassets in Resources */,
				F3647EBE2AC72CD40026FBF0 /* mypageBox.png in Resources */,
				F3B795DD2AE242610090440F /* baby3.png in Resources */,
				F303199F2AE084C00016D51C /* body4.png in Resources */,
				F30319942AE084C00016D51C /* body1.png in Resources */,
				F3FF97382ADE315A002BBB1B /* depressed6.png in Resources */,
				F3FF97552ADE4237002BBB1B /* confusion2.png in Resources */,
				F3B795D22AE242610090440F /* baby8.png in Resources */,
				F3FF972F2ADE315A002BBB1B /* depressed12.png in Resources */,
				F3B795DC2AE242610090440F /* baby18.png in Resources */,
				F305456A2ADE98EF00C18971 /* unrest3.png in Resources */,
				F350A1332ABAD51C00203688 /* signUpImg.png in Resources */,
				F303196A2ADF95090016D51C /* SelectEmotionViewController.xib in Resources */,
				F30319C02AE087650016D51C /* family7.png in Resources */,
				F30319782AE01A5A0016D51C /* SelectHealthViewController.xib in Resources */,
				F3FF97442ADE3E0D002BBB1B /* stress2.png in Resources */,
				F3B795D42AE242610090440F /* baby13.png in Resources */,
				F3FF97342ADE315A002BBB1B /* depressed9.png in Resources */,
				F305455D2ADE97C400C18971 /* sad7.png in Resources */,
				F303199D2AE084C00016D51C /* body6.png in Resources */,
				F30545742ADE9A6C00C18971 /* slide3.png in Resources */,
				F3FF974C2ADE3E0D002BBB1B /* stress7.png in Resources */,
				F303199C2AE084C00016D51C /* body7.png in Resources */,
			);
			runOnlyForDeploymentPostprocessing = 0;
		};
/* End PBXResourcesBuildPhase section */

/* Begin PBXShellScriptBuildPhase section */
		88188B4C2631F8687C468501 /* [CP] Embed Pods Frameworks */ = {
			isa = PBXShellScriptBuildPhase;
			buildActionMask = 2147483647;
			files = (
			);
			inputFileListPaths = (
				"${PODS_ROOT}/Target Support Files/Pods-Blueming/Pods-Blueming-frameworks-${CONFIGURATION}-input-files.xcfilelist",
			);
			name = "[CP] Embed Pods Frameworks";
			outputFileListPaths = (
				"${PODS_ROOT}/Target Support Files/Pods-Blueming/Pods-Blueming-frameworks-${CONFIGURATION}-output-files.xcfilelist",
			);
			runOnlyForDeploymentPostprocessing = 0;
			shellPath = /bin/sh;
			shellScript = "\"${PODS_ROOT}/Target Support Files/Pods-Blueming/Pods-Blueming-frameworks.sh\"\n";
			showEnvVarsInLog = 0;
		};
		D6591278FD8588AA148A4446 /* [CP] Check Pods Manifest.lock */ = {
			isa = PBXShellScriptBuildPhase;
			buildActionMask = 2147483647;
			files = (
			);
			inputFileListPaths = (
			);
			inputPaths = (
				"${PODS_PODFILE_DIR_PATH}/Podfile.lock",
				"${PODS_ROOT}/Manifest.lock",
			);
			name = "[CP] Check Pods Manifest.lock";
			outputFileListPaths = (
			);
			outputPaths = (
				"$(DERIVED_FILE_DIR)/Pods-Blueming-checkManifestLockResult.txt",
			);
			runOnlyForDeploymentPostprocessing = 0;
			shellPath = /bin/sh;
			shellScript = "diff \"${PODS_PODFILE_DIR_PATH}/Podfile.lock\" \"${PODS_ROOT}/Manifest.lock\" > /dev/null\nif [ $? != 0 ] ; then\n    # print error to STDERR\n    echo \"error: The sandbox is not in sync with the Podfile.lock. Run 'pod install' or update your CocoaPods installation.\" >&2\n    exit 1\nfi\n# This output is used by Xcode 'outputs' to avoid re-running this script phase.\necho \"SUCCESS\" > \"${SCRIPT_OUTPUT_FILE_0}\"\n";
			showEnvVarsInLog = 0;
		};
/* End PBXShellScriptBuildPhase section */

/* Begin PBXSourcesBuildPhase section */
		F32B28A22AA8AD0B005803C8 /* Sources */ = {
			isa = PBXSourcesBuildPhase;
			buildActionMask = 2147483647;
			files = (
				F350A13C2ABB1C3200203688 /* LoginViewController.swift in Sources */,
				F30E3D3E2AC8575900CB1316 /* LogOutViewController.swift in Sources */,
				F350A13A2ABB104600203688 /* UILabel.swift in Sources */,
				F363449A2ADC46C900019770 /* CheckListCellDelegate.swift in Sources */,
				F37D6A3E2AC0000F007F3C41 /* TabBarViewController.swift in Sources */,
				F37D6A3C2ABEA866007F3C41 /* NameViewController.swift in Sources */,
				F3647EC42AC73A3C0026FBF0 /* EditPwdViewController.swift in Sources */,
				F3190E292AAC536C000A7343 /* MypageViewController.swift in Sources */,
				F3B9CDAE2ACAB53900DD1E7B /* QuestionViewController.swift in Sources */,
				F3B9CDC12ACB227400DD1E7B /* QuestionPopUp.swift in Sources */,
				F3190E272AAC535E000A7343 /* CheckViewController.swift in Sources */,
				F3190E332AAC833C000A7343 /* MainArticleCell.swift in Sources */,
				F30319692ADF95090016D51C /* SelectEmotionViewController.swift in Sources */,
				F3B05C062AA99729003EC4A6 /* ArticleViewController.swift in Sources */,
				F341094E2AC5E00600E755F4 /* KeywordLabel.swift in Sources */,
				F3190E2E2AAC814A000A7343 /* Article.swift in Sources */,
				F37D6A382ABE991C007F3C41 /* EmailViewController.swift in Sources */,
				F3B05C1E2AA9A258003EC4A6 /* CustomTabBarItem.swift in Sources */,
				F3F7F1FC2AA995660050263F /* UIColor.swift in Sources */,
				F3AB29112ADD4A0B0058C5B2 /* AlertCell.swift in Sources */,
				F3190E2B2AAC6515000A7343 /* HomeViewController.swift in Sources */,
				F36B9E8B2AC40D5300937AD1 /* Keyword.swift in Sources */,
				F36B9E892AC408C500937AD1 /* SearchViewController.swift in Sources */,
				F32D0A812AD6C18E0094CA03 /* Goals.swift in Sources */,
				F30319772AE01A5A0016D51C /* SelectHealthViewController.swift in Sources */,
				F32D0A7C2AD6BABF0094CA03 /* CheckListCell.swift in Sources */,
				F3A8564E2AB2CF3900264E3B /* TagCell.swift in Sources */,
				F3AB29162ADD52290058C5B2 /* Alert.swift in Sources */,
				F3A8564C2AB2CE4E00264E3B /* Tags.swift in Sources */,
				F3A856522AB2DF0900264E3B /* LeftAlignedCollectionViewFlowLayout.swift in Sources */,
				F350A1362ABAD57600203688 /* FirstViewController.swift in Sources */,
				F30E3D422AC86DB700CB1316 /* SignOutViewController.swift in Sources */,
				F3B05C042AA99719003EC4A6 /* TestViewController.swift in Sources */,
				F3B9CDBC2ACB11E900DD1E7B /* ResultViewController.swift in Sources */,
				F37D6A3A2ABEA7BE007F3C41 /* PwdViewController.swift in Sources */,
				F303196F2ADF9B880016D51C /* EmotionCell.swift in Sources */,
				F3BB67092AC8056B0066E0DD /* NotificationCenter.swift in Sources */,
				F3B9CDB82ACAE7BA00DD1E7B /* Answer.swift in Sources */,
				F3B9CDB32ACAE50B00DD1E7B /* AnswerCell.swift in Sources */,
				F32B28AA2AA8AD0B005803C8 /* AppDelegate.swift in Sources */,
				F32B28AC2AA8AD0B005803C8 /* SceneDelegate.swift in Sources */,
				F335FA052AB9F13000C97E30 /* CustomTable.swift in Sources */,
				F3AB290E2ADD48650058C5B2 /* AlertViewController.swift in Sources */,
				F3BB67072AC7FA2C0066E0DD /* EditProfileViewController.swift in Sources */,
			);
			runOnlyForDeploymentPostprocessing = 0;
		};
/* End PBXSourcesBuildPhase section */

/* Begin PBXVariantGroup section */
		F32B28B42AA8AD0C005803C8 /* LaunchScreen.storyboard */ = {
			isa = PBXVariantGroup;
			children = (
				F32B28B52AA8AD0C005803C8 /* Base */,
			);
			name = LaunchScreen.storyboard;
			sourceTree = "<group>";
		};
/* End PBXVariantGroup section */

/* Begin XCBuildConfiguration section */
		F32B28B82AA8AD0C005803C8 /* Debug */ = {
			isa = XCBuildConfiguration;
			buildSettings = {
				ALWAYS_SEARCH_USER_PATHS = NO;
				CLANG_ANALYZER_NONNULL = YES;
				CLANG_ANALYZER_NUMBER_OBJECT_CONVERSION = YES_AGGRESSIVE;
				CLANG_CXX_LANGUAGE_STANDARD = "gnu++20";
				CLANG_ENABLE_MODULES = YES;
				CLANG_ENABLE_OBJC_ARC = YES;
				CLANG_ENABLE_OBJC_WEAK = YES;
				CLANG_WARN_BLOCK_CAPTURE_AUTORELEASING = YES;
				CLANG_WARN_BOOL_CONVERSION = YES;
				CLANG_WARN_COMMA = YES;
				CLANG_WARN_CONSTANT_CONVERSION = YES;
				CLANG_WARN_DEPRECATED_OBJC_IMPLEMENTATIONS = YES;
				CLANG_WARN_DIRECT_OBJC_ISA_USAGE = YES_ERROR;
				CLANG_WARN_DOCUMENTATION_COMMENTS = YES;
				CLANG_WARN_EMPTY_BODY = YES;
				CLANG_WARN_ENUM_CONVERSION = YES;
				CLANG_WARN_INFINITE_RECURSION = YES;
				CLANG_WARN_INT_CONVERSION = YES;
				CLANG_WARN_NON_LITERAL_NULL_CONVERSION = YES;
				CLANG_WARN_OBJC_IMPLICIT_RETAIN_SELF = YES;
				CLANG_WARN_OBJC_LITERAL_CONVERSION = YES;
				CLANG_WARN_OBJC_ROOT_CLASS = YES_ERROR;
				CLANG_WARN_QUOTED_INCLUDE_IN_FRAMEWORK_HEADER = YES;
				CLANG_WARN_RANGE_LOOP_ANALYSIS = YES;
				CLANG_WARN_STRICT_PROTOTYPES = YES;
				CLANG_WARN_SUSPICIOUS_MOVE = YES;
				CLANG_WARN_UNGUARDED_AVAILABILITY = YES_AGGRESSIVE;
				CLANG_WARN_UNREACHABLE_CODE = YES;
				CLANG_WARN__DUPLICATE_METHOD_MATCH = YES;
				COPY_PHASE_STRIP = NO;
				DEBUG_INFORMATION_FORMAT = dwarf;
				ENABLE_STRICT_OBJC_MSGSEND = YES;
				ENABLE_TESTABILITY = YES;
				GCC_C_LANGUAGE_STANDARD = gnu11;
				GCC_DYNAMIC_NO_PIC = NO;
				GCC_NO_COMMON_BLOCKS = YES;
				GCC_OPTIMIZATION_LEVEL = 0;
				GCC_PREPROCESSOR_DEFINITIONS = (
					"DEBUG=1",
					"$(inherited)",
				);
				GCC_WARN_64_TO_32_BIT_CONVERSION = YES;
				GCC_WARN_ABOUT_RETURN_TYPE = YES_ERROR;
				GCC_WARN_UNDECLARED_SELECTOR = YES;
				GCC_WARN_UNINITIALIZED_AUTOS = YES_AGGRESSIVE;
				GCC_WARN_UNUSED_FUNCTION = YES;
				GCC_WARN_UNUSED_VARIABLE = YES;
				IPHONEOS_DEPLOYMENT_TARGET = 16.4;
				MTL_ENABLE_DEBUG_INFO = INCLUDE_SOURCE;
				MTL_FAST_MATH = YES;
				ONLY_ACTIVE_ARCH = YES;
				SDKROOT = iphoneos;
				SWIFT_ACTIVE_COMPILATION_CONDITIONS = DEBUG;
				SWIFT_OPTIMIZATION_LEVEL = "-Onone";
			};
			name = Debug;
		};
		F32B28B92AA8AD0C005803C8 /* Release */ = {
			isa = XCBuildConfiguration;
			buildSettings = {
				ALWAYS_SEARCH_USER_PATHS = NO;
				CLANG_ANALYZER_NONNULL = YES;
				CLANG_ANALYZER_NUMBER_OBJECT_CONVERSION = YES_AGGRESSIVE;
				CLANG_CXX_LANGUAGE_STANDARD = "gnu++20";
				CLANG_ENABLE_MODULES = YES;
				CLANG_ENABLE_OBJC_ARC = YES;
				CLANG_ENABLE_OBJC_WEAK = YES;
				CLANG_WARN_BLOCK_CAPTURE_AUTORELEASING = YES;
				CLANG_WARN_BOOL_CONVERSION = YES;
				CLANG_WARN_COMMA = YES;
				CLANG_WARN_CONSTANT_CONVERSION = YES;
				CLANG_WARN_DEPRECATED_OBJC_IMPLEMENTATIONS = YES;
				CLANG_WARN_DIRECT_OBJC_ISA_USAGE = YES_ERROR;
				CLANG_WARN_DOCUMENTATION_COMMENTS = YES;
				CLANG_WARN_EMPTY_BODY = YES;
				CLANG_WARN_ENUM_CONVERSION = YES;
				CLANG_WARN_INFINITE_RECURSION = YES;
				CLANG_WARN_INT_CONVERSION = YES;
				CLANG_WARN_NON_LITERAL_NULL_CONVERSION = YES;
				CLANG_WARN_OBJC_IMPLICIT_RETAIN_SELF = YES;
				CLANG_WARN_OBJC_LITERAL_CONVERSION = YES;
				CLANG_WARN_OBJC_ROOT_CLASS = YES_ERROR;
				CLANG_WARN_QUOTED_INCLUDE_IN_FRAMEWORK_HEADER = YES;
				CLANG_WARN_RANGE_LOOP_ANALYSIS = YES;
				CLANG_WARN_STRICT_PROTOTYPES = YES;
				CLANG_WARN_SUSPICIOUS_MOVE = YES;
				CLANG_WARN_UNGUARDED_AVAILABILITY = YES_AGGRESSIVE;
				CLANG_WARN_UNREACHABLE_CODE = YES;
				CLANG_WARN__DUPLICATE_METHOD_MATCH = YES;
				COPY_PHASE_STRIP = NO;
				DEBUG_INFORMATION_FORMAT = "dwarf-with-dsym";
				ENABLE_NS_ASSERTIONS = NO;
				ENABLE_STRICT_OBJC_MSGSEND = YES;
				GCC_C_LANGUAGE_STANDARD = gnu11;
				GCC_NO_COMMON_BLOCKS = YES;
				GCC_WARN_64_TO_32_BIT_CONVERSION = YES;
				GCC_WARN_ABOUT_RETURN_TYPE = YES_ERROR;
				GCC_WARN_UNDECLARED_SELECTOR = YES;
				GCC_WARN_UNINITIALIZED_AUTOS = YES_AGGRESSIVE;
				GCC_WARN_UNUSED_FUNCTION = YES;
				GCC_WARN_UNUSED_VARIABLE = YES;
				IPHONEOS_DEPLOYMENT_TARGET = 16.4;
				MTL_ENABLE_DEBUG_INFO = NO;
				MTL_FAST_MATH = YES;
				SDKROOT = iphoneos;
				SWIFT_COMPILATION_MODE = wholemodule;
				SWIFT_OPTIMIZATION_LEVEL = "-O";
				VALIDATE_PRODUCT = YES;
			};
			name = Release;
		};
		F32B28BB2AA8AD0C005803C8 /* Debug */ = {
			isa = XCBuildConfiguration;
			baseConfigurationReference = CEF1C2E7EC930CF10FE8047F /* Pods-Blueming.debug.xcconfig */;
			buildSettings = {
				ASSETCATALOG_COMPILER_APPICON_NAME = AppIcon;
				ASSETCATALOG_COMPILER_GLOBAL_ACCENT_COLOR_NAME = AccentColor;
				CODE_SIGN_STYLE = Automatic;
				CURRENT_PROJECT_VERSION = 1;
				DEVELOPMENT_TEAM = 8FBW424TX4;
				GENERATE_INFOPLIST_FILE = YES;
				INFOPLIST_FILE = Blueming/Info.plist;
				INFOPLIST_KEY_UIApplicationSupportsIndirectInputEvents = YES;
				INFOPLIST_KEY_UILaunchStoryboardName = LaunchScreen;
				INFOPLIST_KEY_UIMainStoryboardFile = Main;
				INFOPLIST_KEY_UISupportedInterfaceOrientations_iPad = "UIInterfaceOrientationPortrait UIInterfaceOrientationPortraitUpsideDown UIInterfaceOrientationLandscapeLeft UIInterfaceOrientationLandscapeRight";
				INFOPLIST_KEY_UISupportedInterfaceOrientations_iPhone = "UIInterfaceOrientationPortrait UIInterfaceOrientationLandscapeLeft UIInterfaceOrientationLandscapeRight";
				LD_RUNPATH_SEARCH_PATHS = (
					"$(inherited)",
					"@executable_path/Frameworks",
				);
				MARKETING_VERSION = 1.0;
				PRODUCT_BUNDLE_IDENTIFIER = com.nakyung.Blueming;
				PRODUCT_NAME = "$(TARGET_NAME)";
				SWIFT_EMIT_LOC_STRINGS = YES;
				SWIFT_VERSION = 5.0;
				TARGETED_DEVICE_FAMILY = "1,2";
			};
			name = Debug;
		};
		F32B28BC2AA8AD0C005803C8 /* Release */ = {
			isa = XCBuildConfiguration;
			baseConfigurationReference = 819B905DCFFF0DA1D7876928 /* Pods-Blueming.release.xcconfig */;
			buildSettings = {
				ASSETCATALOG_COMPILER_APPICON_NAME = AppIcon;
				ASSETCATALOG_COMPILER_GLOBAL_ACCENT_COLOR_NAME = AccentColor;
				CODE_SIGN_STYLE = Automatic;
				CURRENT_PROJECT_VERSION = 1;
				DEVELOPMENT_TEAM = 8FBW424TX4;
				GENERATE_INFOPLIST_FILE = YES;
				INFOPLIST_FILE = Blueming/Info.plist;
				INFOPLIST_KEY_UIApplicationSupportsIndirectInputEvents = YES;
				INFOPLIST_KEY_UILaunchStoryboardName = LaunchScreen;
				INFOPLIST_KEY_UIMainStoryboardFile = Main;
				INFOPLIST_KEY_UISupportedInterfaceOrientations_iPad = "UIInterfaceOrientationPortrait UIInterfaceOrientationPortraitUpsideDown UIInterfaceOrientationLandscapeLeft UIInterfaceOrientationLandscapeRight";
				INFOPLIST_KEY_UISupportedInterfaceOrientations_iPhone = "UIInterfaceOrientationPortrait UIInterfaceOrientationLandscapeLeft UIInterfaceOrientationLandscapeRight";
				LD_RUNPATH_SEARCH_PATHS = (
					"$(inherited)",
					"@executable_path/Frameworks",
				);
				MARKETING_VERSION = 1.0;
				PRODUCT_BUNDLE_IDENTIFIER = com.nakyung.Blueming;
				PRODUCT_NAME = "$(TARGET_NAME)";
				SWIFT_EMIT_LOC_STRINGS = YES;
				SWIFT_VERSION = 5.0;
				TARGETED_DEVICE_FAMILY = "1,2";
			};
			name = Release;
		};
/* End XCBuildConfiguration section */

/* Begin XCConfigurationList section */
		F32B28A12AA8AD0B005803C8 /* Build configuration list for PBXProject "Blueming" */ = {
			isa = XCConfigurationList;
			buildConfigurations = (
				F32B28B82AA8AD0C005803C8 /* Debug */,
				F32B28B92AA8AD0C005803C8 /* Release */,
			);
			defaultConfigurationIsVisible = 0;
			defaultConfigurationName = Release;
		};
		F32B28BA2AA8AD0C005803C8 /* Build configuration list for PBXNativeTarget "Blueming" */ = {
			isa = XCConfigurationList;
			buildConfigurations = (
				F32B28BB2AA8AD0C005803C8 /* Debug */,
				F32B28BC2AA8AD0C005803C8 /* Release */,
			);
			defaultConfigurationIsVisible = 0;
			defaultConfigurationName = Release;
		};
/* End XCConfigurationList section */

/* Begin XCRemoteSwiftPackageReference section */
		F386140E2AC875F200D5001F /* XCRemoteSwiftPackageReference "firebase-ios-sdk" */ = {
			isa = XCRemoteSwiftPackageReference;
			repositoryURL = "https://github.com/firebase/firebase-ios-sdk";
			requirement = {
				kind = upToNextMajorVersion;
				minimumVersion = 10.0.0;
			};
		};
/* End XCRemoteSwiftPackageReference section */

/* Begin XCSwiftPackageProductDependency section */
		F386140F2AC875F200D5001F /* FirebaseAnalytics */ = {
			isa = XCSwiftPackageProductDependency;
			package = F386140E2AC875F200D5001F /* XCRemoteSwiftPackageReference "firebase-ios-sdk" */;
			productName = FirebaseAnalytics;
		};
/* End XCSwiftPackageProductDependency section */
	};
	rootObject = F32B289E2AA8AD0B005803C8 /* Project object */;
}
