// !$*UTF8*$!
{
	archiveVersion = 1;
	classes = {
	};
	objectVersion = 56;
	objects = {

/* Begin PBXBuildFile section */
		F30E3D3E2AC8575900CB1316 /* LogOutViewController.swift in Sources */ = {isa = PBXBuildFile; fileRef = F30E3D3D2AC8575900CB1316 /* LogOutViewController.swift */; };
		F30E3D402AC857A100CB1316 /* popup-view.png in Resources */ = {isa = PBXBuildFile; fileRef = F30E3D3F2AC857A100CB1316 /* popup-view.png */; };
		F3190E1F2AAC4C95000A7343 /* target-box.png in Resources */ = {isa = PBXBuildFile; fileRef = F3190E1E2AAC4C95000A7343 /* target-box.png */; };
		F3190E252AAC4E33000A7343 /* blue-rec.png in Resources */ = {isa = PBXBuildFile; fileRef = F3190E242AAC4E33000A7343 /* blue-rec.png */; };
		F3190E272AAC535E000A7343 /* NoteViewController.swift in Sources */ = {isa = PBXBuildFile; fileRef = F3190E262AAC535E000A7343 /* NoteViewController.swift */; };
		F3190E292AAC536C000A7343 /* MypageViewController.swift in Sources */ = {isa = PBXBuildFile; fileRef = F3190E282AAC536C000A7343 /* MypageViewController.swift */; };
		F3190E2B2AAC6515000A7343 /* HomeViewController.swift in Sources */ = {isa = PBXBuildFile; fileRef = F3190E2A2AAC6515000A7343 /* HomeViewController.swift */; };
		F3190E2E2AAC814A000A7343 /* Article.swift in Sources */ = {isa = PBXBuildFile; fileRef = F3190E2D2AAC814A000A7343 /* Article.swift */; };
		F3190E332AAC833C000A7343 /* MainArticleCell.swift in Sources */ = {isa = PBXBuildFile; fileRef = F3190E312AAC833C000A7343 /* MainArticleCell.swift */; };
		F3190E342AAC833C000A7343 /* MainArticleCell.xib in Resources */ = {isa = PBXBuildFile; fileRef = F3190E322AAC833C000A7343 /* MainArticleCell.xib */; };
		F32B28AA2AA8AD0B005803C8 /* AppDelegate.swift in Sources */ = {isa = PBXBuildFile; fileRef = F32B28A92AA8AD0B005803C8 /* AppDelegate.swift */; };
		F32B28AC2AA8AD0B005803C8 /* SceneDelegate.swift in Sources */ = {isa = PBXBuildFile; fileRef = F32B28AB2AA8AD0B005803C8 /* SceneDelegate.swift */; };
		F32B28B32AA8AD0C005803C8 /* Assets.xcassets in Resources */ = {isa = PBXBuildFile; fileRef = F32B28B22AA8AD0C005803C8 /* Assets.xcassets */; };
		F32B28B62AA8AD0C005803C8 /* LaunchScreen.storyboard in Resources */ = {isa = PBXBuildFile; fileRef = F32B28B42AA8AD0C005803C8 /* LaunchScreen.storyboard */; };
		F335F9FF2AB9D23000C97E30 /* Main.storyboard in Resources */ = {isa = PBXBuildFile; fileRef = F335F9FE2AB9D23000C97E30 /* Main.storyboard */; };
		F335FA052AB9F13000C97E30 /* CustomTable.swift in Sources */ = {isa = PBXBuildFile; fileRef = F335FA042AB9F13000C97E30 /* CustomTable.swift */; };
		F34109462AC5C0DD00E755F4 /* backImg.png in Resources */ = {isa = PBXBuildFile; fileRef = F34109452AC5C0DD00E755F4 /* backImg.png */; };
		F341094A2AC5C1C800E755F4 /* LoginBack.png in Resources */ = {isa = PBXBuildFile; fileRef = F34109492AC5C1C800E755F4 /* LoginBack.png */; };
		F341094E2AC5E00600E755F4 /* KeywordLabel.swift in Sources */ = {isa = PBXBuildFile; fileRef = F341094D2AC5E00600E755F4 /* KeywordLabel.swift */; };
		F350A1312ABAD35400203688 /* startImg.png in Resources */ = {isa = PBXBuildFile; fileRef = F350A1302ABAD35400203688 /* startImg.png */; };
		F350A1332ABAD51C00203688 /* signUpImg.png in Resources */ = {isa = PBXBuildFile; fileRef = F350A1322ABAD51C00203688 /* signUpImg.png */; };
		F350A1362ABAD57600203688 /* FirstViewController.swift in Sources */ = {isa = PBXBuildFile; fileRef = F350A1352ABAD57600203688 /* FirstViewController.swift */; };
		F350A1382ABAFB9A00203688 /* Chat.png in Resources */ = {isa = PBXBuildFile; fileRef = F350A1372ABAFB9A00203688 /* Chat.png */; };
		F350A13A2ABB104600203688 /* UILabel.swift in Sources */ = {isa = PBXBuildFile; fileRef = F350A1392ABB104600203688 /* UILabel.swift */; };
		F350A13C2ABB1C3200203688 /* LoginViewController.swift in Sources */ = {isa = PBXBuildFile; fileRef = F350A13B2ABB1C3200203688 /* LoginViewController.swift */; };
		F3647EBC2AC722F10026FBF0 /* article_img.png in Resources */ = {isa = PBXBuildFile; fileRef = F3647EBB2AC722F10026FBF0 /* article_img.png */; };
		F3647EBE2AC72CD40026FBF0 /* mypageBox.png in Resources */ = {isa = PBXBuildFile; fileRef = F3647EBD2AC72CD40026FBF0 /* mypageBox.png */; };
		F3647EC22AC733290026FBF0 /* gray_line.png in Resources */ = {isa = PBXBuildFile; fileRef = F3647EC12AC733290026FBF0 /* gray_line.png */; };
		F3647EC42AC73A3C0026FBF0 /* EditPwdViewController.swift in Sources */ = {isa = PBXBuildFile; fileRef = F3647EC32AC73A3C0026FBF0 /* EditPwdViewController.swift */; };
		F36B9E892AC408C500937AD1 /* SearchViewController.swift in Sources */ = {isa = PBXBuildFile; fileRef = F36B9E882AC408C500937AD1 /* SearchViewController.swift */; };
		F36B9E8B2AC40D5300937AD1 /* Keyword.swift in Sources */ = {isa = PBXBuildFile; fileRef = F36B9E8A2AC40D5300937AD1 /* Keyword.swift */; };
		F37D6A382ABE991C007F3C41 /* EmailViewController.swift in Sources */ = {isa = PBXBuildFile; fileRef = F37D6A372ABE991C007F3C41 /* EmailViewController.swift */; };
		F37D6A3A2ABEA7BE007F3C41 /* PwdViewController.swift in Sources */ = {isa = PBXBuildFile; fileRef = F37D6A392ABEA7BE007F3C41 /* PwdViewController.swift */; };
		F37D6A3C2ABEA866007F3C41 /* NameViewController.swift in Sources */ = {isa = PBXBuildFile; fileRef = F37D6A3B2ABEA866007F3C41 /* NameViewController.swift */; };
		F37D6A3E2AC0000F007F3C41 /* TabBarViewController.swift in Sources */ = {isa = PBXBuildFile; fileRef = F37D6A3D2AC0000F007F3C41 /* TabBarViewController.swift */; };
		F3A8564C2AB2CE4E00264E3B /* Tags.swift in Sources */ = {isa = PBXBuildFile; fileRef = F3A8564B2AB2CE4E00264E3B /* Tags.swift */; };
		F3A8564E2AB2CF3900264E3B /* TagCell.swift in Sources */ = {isa = PBXBuildFile; fileRef = F3A8564D2AB2CF3900264E3B /* TagCell.swift */; };
		F3A856522AB2DF0900264E3B /* LeftAlignedCollectionViewFlowLayout.swift in Sources */ = {isa = PBXBuildFile; fileRef = F3A856512AB2DF0900264E3B /* LeftAlignedCollectionViewFlowLayout.swift */; };
		F3B05C042AA99719003EC4A6 /* CheckViewController.swift in Sources */ = {isa = PBXBuildFile; fileRef = F3B05C032AA99719003EC4A6 /* CheckViewController.swift */; };
		F3B05C062AA99729003EC4A6 /* ArticleViewController.swift in Sources */ = {isa = PBXBuildFile; fileRef = F3B05C052AA99729003EC4A6 /* ArticleViewController.swift */; };
		F3B05C182AA99BD3003EC4A6 /* Pretendard-Regular.otf in Resources */ = {isa = PBXBuildFile; fileRef = F3B05C142AA99BD3003EC4A6 /* Pretendard-Regular.otf */; };
		F3B05C192AA99BD3003EC4A6 /* Pretendard-SemiBold.otf in Resources */ = {isa = PBXBuildFile; fileRef = F3B05C152AA99BD3003EC4A6 /* Pretendard-SemiBold.otf */; };
		F3B05C1A2AA99BD3003EC4A6 /* Pretendard-Bold.otf in Resources */ = {isa = PBXBuildFile; fileRef = F3B05C162AA99BD3003EC4A6 /* Pretendard-Bold.otf */; };
		F3B05C1B2AA99BD3003EC4A6 /* Pretendard-Medium.otf in Resources */ = {isa = PBXBuildFile; fileRef = F3B05C172AA99BD3003EC4A6 /* Pretendard-Medium.otf */; };
		F3B05C1E2AA9A258003EC4A6 /* CustomTabBarItem.swift in Sources */ = {isa = PBXBuildFile; fileRef = F3B05C1D2AA9A258003EC4A6 /* CustomTabBarItem.swift */; };
		F3BB67072AC7FA2C0066E0DD /* EditProfileViewController.swift in Sources */ = {isa = PBXBuildFile; fileRef = F3BB67062AC7FA2C0066E0DD /* EditProfileViewController.swift */; };
		F3BB67092AC8056B0066E0DD /* NotificationCenter.swift in Sources */ = {isa = PBXBuildFile; fileRef = F3BB67082AC8056B0066E0DD /* NotificationCenter.swift */; };
		F3E587842AA9B80000578876 /* box1.png in Resources */ = {isa = PBXBuildFile; fileRef = F3E587832AA9B80000578876 /* box1.png */; };
		F3E587862AA9B99800578876 /* box-1x.png in Resources */ = {isa = PBXBuildFile; fileRef = F3E587852AA9B99800578876 /* box-1x.png */; };
		F3EEF9262AB0C1E5007F3D81 /* example_img.png in Resources */ = {isa = PBXBuildFile; fileRef = F3EEF9252AB0C1E5007F3D81 /* example_img.png */; };
		F3EEF92C2AB0E234007F3D81 /* article-back.png in Resources */ = {isa = PBXBuildFile; fileRef = F3EEF92B2AB0E234007F3D81 /* article-back.png */; };
		F3F7F1FC2AA995660050263F /* UIColor.swift in Sources */ = {isa = PBXBuildFile; fileRef = F3F7F1FB2AA995660050263F /* UIColor.swift */; };
/* End PBXBuildFile section */

/* Begin PBXFileReference section */
		F30E3D3D2AC8575900CB1316 /* LogOutViewController.swift */ = {isa = PBXFileReference; lastKnownFileType = sourcecode.swift; path = LogOutViewController.swift; sourceTree = "<group>"; };
		F30E3D3F2AC857A100CB1316 /* popup-view.png */ = {isa = PBXFileReference; lastKnownFileType = image.png; path = "popup-view.png"; sourceTree = "<group>"; };
		F3190E1E2AAC4C95000A7343 /* target-box.png */ = {isa = PBXFileReference; lastKnownFileType = image.png; path = "target-box.png"; sourceTree = "<group>"; };
		F3190E242AAC4E33000A7343 /* blue-rec.png */ = {isa = PBXFileReference; lastKnownFileType = image.png; path = "blue-rec.png"; sourceTree = "<group>"; };
		F3190E262AAC535E000A7343 /* NoteViewController.swift */ = {isa = PBXFileReference; lastKnownFileType = sourcecode.swift; path = NoteViewController.swift; sourceTree = "<group>"; };
		F3190E282AAC536C000A7343 /* MypageViewController.swift */ = {isa = PBXFileReference; lastKnownFileType = sourcecode.swift; path = MypageViewController.swift; sourceTree = "<group>"; };
		F3190E2A2AAC6515000A7343 /* HomeViewController.swift */ = {isa = PBXFileReference; lastKnownFileType = sourcecode.swift; path = HomeViewController.swift; sourceTree = "<group>"; };
		F3190E2D2AAC814A000A7343 /* Article.swift */ = {isa = PBXFileReference; lastKnownFileType = sourcecode.swift; path = Article.swift; sourceTree = "<group>"; };
		F3190E312AAC833C000A7343 /* MainArticleCell.swift */ = {isa = PBXFileReference; lastKnownFileType = sourcecode.swift; path = MainArticleCell.swift; sourceTree = "<group>"; };
		F3190E322AAC833C000A7343 /* MainArticleCell.xib */ = {isa = PBXFileReference; lastKnownFileType = file.xib; path = MainArticleCell.xib; sourceTree = "<group>"; };
		F32B28A62AA8AD0B005803C8 /* Blueming.app */ = {isa = PBXFileReference; explicitFileType = wrapper.application; includeInIndex = 0; path = Blueming.app; sourceTree = BUILT_PRODUCTS_DIR; };
		F32B28A92AA8AD0B005803C8 /* AppDelegate.swift */ = {isa = PBXFileReference; lastKnownFileType = sourcecode.swift; path = AppDelegate.swift; sourceTree = "<group>"; };
		F32B28AB2AA8AD0B005803C8 /* SceneDelegate.swift */ = {isa = PBXFileReference; lastKnownFileType = sourcecode.swift; path = SceneDelegate.swift; sourceTree = "<group>"; };
		F32B28B22AA8AD0C005803C8 /* Assets.xcassets */ = {isa = PBXFileReference; lastKnownFileType = folder.assetcatalog; path = Assets.xcassets; sourceTree = "<group>"; };
		F32B28B52AA8AD0C005803C8 /* Base */ = {isa = PBXFileReference; lastKnownFileType = file.storyboard; name = Base; path = Base.lproj/LaunchScreen.storyboard; sourceTree = "<group>"; };
		F32B28B72AA8AD0C005803C8 /* Info.plist */ = {isa = PBXFileReference; lastKnownFileType = text.plist.xml; path = Info.plist; sourceTree = "<group>"; };
		F335F9FE2AB9D23000C97E30 /* Main.storyboard */ = {isa = PBXFileReference; fileEncoding = 4; lastKnownFileType = file.storyboard; path = Main.storyboard; sourceTree = "<group>"; };
		F335FA042AB9F13000C97E30 /* CustomTable.swift */ = {isa = PBXFileReference; lastKnownFileType = sourcecode.swift; path = CustomTable.swift; sourceTree = "<group>"; };
		F34109452AC5C0DD00E755F4 /* backImg.png */ = {isa = PBXFileReference; lastKnownFileType = image.png; path = backImg.png; sourceTree = "<group>"; };
		F34109492AC5C1C800E755F4 /* LoginBack.png */ = {isa = PBXFileReference; lastKnownFileType = image.png; path = LoginBack.png; sourceTree = "<group>"; };
		F341094D2AC5E00600E755F4 /* KeywordLabel.swift */ = {isa = PBXFileReference; lastKnownFileType = sourcecode.swift; path = KeywordLabel.swift; sourceTree = "<group>"; };
		F350A1302ABAD35400203688 /* startImg.png */ = {isa = PBXFileReference; lastKnownFileType = image.png; path = startImg.png; sourceTree = "<group>"; };
		F350A1322ABAD51C00203688 /* signUpImg.png */ = {isa = PBXFileReference; lastKnownFileType = image.png; path = signUpImg.png; sourceTree = "<group>"; };
		F350A1352ABAD57600203688 /* FirstViewController.swift */ = {isa = PBXFileReference; lastKnownFileType = sourcecode.swift; path = FirstViewController.swift; sourceTree = "<group>"; };
		F350A1372ABAFB9A00203688 /* Chat.png */ = {isa = PBXFileReference; lastKnownFileType = image.png; path = Chat.png; sourceTree = "<group>"; };
		F350A1392ABB104600203688 /* UILabel.swift */ = {isa = PBXFileReference; lastKnownFileType = sourcecode.swift; path = UILabel.swift; sourceTree = "<group>"; };
		F350A13B2ABB1C3200203688 /* LoginViewController.swift */ = {isa = PBXFileReference; lastKnownFileType = sourcecode.swift; path = LoginViewController.swift; sourceTree = "<group>"; };
		F3647EBB2AC722F10026FBF0 /* article_img.png */ = {isa = PBXFileReference; lastKnownFileType = image.png; path = article_img.png; sourceTree = "<group>"; };
		F3647EBD2AC72CD40026FBF0 /* mypageBox.png */ = {isa = PBXFileReference; lastKnownFileType = image.png; path = mypageBox.png; sourceTree = "<group>"; };
		F3647EC12AC733290026FBF0 /* gray_line.png */ = {isa = PBXFileReference; lastKnownFileType = image.png; path = gray_line.png; sourceTree = "<group>"; };
		F3647EC32AC73A3C0026FBF0 /* EditPwdViewController.swift */ = {isa = PBXFileReference; lastKnownFileType = sourcecode.swift; path = EditPwdViewController.swift; sourceTree = "<group>"; };
		F36B9E882AC408C500937AD1 /* SearchViewController.swift */ = {isa = PBXFileReference; lastKnownFileType = sourcecode.swift; path = SearchViewController.swift; sourceTree = "<group>"; };
		F36B9E8A2AC40D5300937AD1 /* Keyword.swift */ = {isa = PBXFileReference; lastKnownFileType = sourcecode.swift; path = Keyword.swift; sourceTree = "<group>"; };
		F37D6A372ABE991C007F3C41 /* EmailViewController.swift */ = {isa = PBXFileReference; lastKnownFileType = sourcecode.swift; path = EmailViewController.swift; sourceTree = "<group>"; };
		F37D6A392ABEA7BE007F3C41 /* PwdViewController.swift */ = {isa = PBXFileReference; lastKnownFileType = sourcecode.swift; path = PwdViewController.swift; sourceTree = "<group>"; };
		F37D6A3B2ABEA866007F3C41 /* NameViewController.swift */ = {isa = PBXFileReference; lastKnownFileType = sourcecode.swift; path = NameViewController.swift; sourceTree = "<group>"; };
		F37D6A3D2AC0000F007F3C41 /* TabBarViewController.swift */ = {isa = PBXFileReference; lastKnownFileType = sourcecode.swift; path = TabBarViewController.swift; sourceTree = "<group>"; };
		F3A8564B2AB2CE4E00264E3B /* Tags.swift */ = {isa = PBXFileReference; lastKnownFileType = sourcecode.swift; path = Tags.swift; sourceTree = "<group>"; };
		F3A8564D2AB2CF3900264E3B /* TagCell.swift */ = {isa = PBXFileReference; lastKnownFileType = sourcecode.swift; path = TagCell.swift; sourceTree = "<group>"; };
		F3A856512AB2DF0900264E3B /* LeftAlignedCollectionViewFlowLayout.swift */ = {isa = PBXFileReference; lastKnownFileType = sourcecode.swift; path = LeftAlignedCollectionViewFlowLayout.swift; sourceTree = "<group>"; };
		F3B05C032AA99719003EC4A6 /* CheckViewController.swift */ = {isa = PBXFileReference; lastKnownFileType = sourcecode.swift; path = CheckViewController.swift; sourceTree = "<group>"; };
		F3B05C052AA99729003EC4A6 /* ArticleViewController.swift */ = {isa = PBXFileReference; lastKnownFileType = sourcecode.swift; path = ArticleViewController.swift; sourceTree = "<group>"; };
		F3B05C142AA99BD3003EC4A6 /* Pretendard-Regular.otf */ = {isa = PBXFileReference; lastKnownFileType = file; path = "Pretendard-Regular.otf"; sourceTree = "<group>"; };
		F3B05C152AA99BD3003EC4A6 /* Pretendard-SemiBold.otf */ = {isa = PBXFileReference; lastKnownFileType = file; path = "Pretendard-SemiBold.otf"; sourceTree = "<group>"; };
		F3B05C162AA99BD3003EC4A6 /* Pretendard-Bold.otf */ = {isa = PBXFileReference; lastKnownFileType = file; path = "Pretendard-Bold.otf"; sourceTree = "<group>"; };
		F3B05C172AA99BD3003EC4A6 /* Pretendard-Medium.otf */ = {isa = PBXFileReference; lastKnownFileType = file; path = "Pretendard-Medium.otf"; sourceTree = "<group>"; };
		F3B05C1D2AA9A258003EC4A6 /* CustomTabBarItem.swift */ = {isa = PBXFileReference; lastKnownFileType = sourcecode.swift; path = CustomTabBarItem.swift; sourceTree = "<group>"; };
		F3BB67062AC7FA2C0066E0DD /* EditProfileViewController.swift */ = {isa = PBXFileReference; lastKnownFileType = sourcecode.swift; path = EditProfileViewController.swift; sourceTree = "<group>"; };
		F3BB67082AC8056B0066E0DD /* NotificationCenter.swift */ = {isa = PBXFileReference; lastKnownFileType = sourcecode.swift; path = NotificationCenter.swift; sourceTree = "<group>"; };
		F3E587832AA9B80000578876 /* box1.png */ = {isa = PBXFileReference; lastKnownFileType = image.png; path = box1.png; sourceTree = "<group>"; };
		F3E587852AA9B99800578876 /* box-1x.png */ = {isa = PBXFileReference; lastKnownFileType = image.png; path = "box-1x.png"; sourceTree = "<group>"; };
		F3EEF9252AB0C1E5007F3D81 /* example_img.png */ = {isa = PBXFileReference; lastKnownFileType = image.png; path = example_img.png; sourceTree = "<group>"; };
		F3EEF92B2AB0E234007F3D81 /* article-back.png */ = {isa = PBXFileReference; lastKnownFileType = image.png; path = "article-back.png"; sourceTree = "<group>"; };
		F3F7F1FB2AA995660050263F /* UIColor.swift */ = {isa = PBXFileReference; lastKnownFileType = sourcecode.swift; path = UIColor.swift; sourceTree = "<group>"; };
/* End PBXFileReference section */

/* Begin PBXFrameworksBuildPhase section */
		F32B28A32AA8AD0B005803C8 /* Frameworks */ = {
			isa = PBXFrameworksBuildPhase;
			buildActionMask = 2147483647;
			files = (
			);
			runOnlyForDeploymentPostprocessing = 0;
		};
/* End PBXFrameworksBuildPhase section */

/* Begin PBXGroup section */
		F3190E2C2AAC813A000A7343 /* Model */ = {
			isa = PBXGroup;
			children = (
				F3190E2D2AAC814A000A7343 /* Article.swift */,
				F3A8564B2AB2CE4E00264E3B /* Tags.swift */,
				F36B9E8A2AC40D5300937AD1 /* Keyword.swift */,
				F3BB67082AC8056B0066E0DD /* NotificationCenter.swift */,
			);
			path = Model;
			sourceTree = "<group>";
		};
		F32B289D2AA8AD0B005803C8 = {
			isa = PBXGroup;
			children = (
				F32B28A82AA8AD0B005803C8 /* Blueming */,
				F32B28A72AA8AD0B005803C8 /* Products */,
			);
			sourceTree = "<group>";
		};
		F32B28A72AA8AD0B005803C8 /* Products */ = {
			isa = PBXGroup;
			children = (
				F32B28A62AA8AD0B005803C8 /* Blueming.app */,
			);
			name = Products;
			sourceTree = "<group>";
		};
		F32B28A82AA8AD0B005803C8 /* Blueming */ = {
			isa = PBXGroup;
			children = (
				F350A1342ABAD53100203688 /* Sources */,
				F3190E2C2AAC813A000A7343 /* Model */,
				F3B05C1C2AA9A243003EC4A6 /* Custom */,
				F3B05C072AA999BC003EC4A6 /* Resources */,
				F3F7F1FA2AA9955B0050263F /* Color */,
				F32B28BD2AA8AE83005803C8 /* Font */,
				F32B28A92AA8AD0B005803C8 /* AppDelegate.swift */,
				F32B28AB2AA8AD0B005803C8 /* SceneDelegate.swift */,
				F335F9FE2AB9D23000C97E30 /* Main.storyboard */,
				F32B28B22AA8AD0C005803C8 /* Assets.xcassets */,
				F32B28B42AA8AD0C005803C8 /* LaunchScreen.storyboard */,
				F32B28B72AA8AD0C005803C8 /* Info.plist */,
			);
			path = Blueming;
			sourceTree = "<group>";
		};
		F32B28BD2AA8AE83005803C8 /* Font */ = {
			isa = PBXGroup;
			children = (
				F3B05C162AA99BD3003EC4A6 /* Pretendard-Bold.otf */,
				F3B05C172AA99BD3003EC4A6 /* Pretendard-Medium.otf */,
				F3B05C142AA99BD3003EC4A6 /* Pretendard-Regular.otf */,
				F3B05C152AA99BD3003EC4A6 /* Pretendard-SemiBold.otf */,
			);
			path = Font;
			sourceTree = "<group>";
		};
		F350A1342ABAD53100203688 /* Sources */ = {
			isa = PBXGroup;
			children = (
				F3B05C032AA99719003EC4A6 /* CheckViewController.swift */,
				F3B05C052AA99729003EC4A6 /* ArticleViewController.swift */,
				F3190E262AAC535E000A7343 /* NoteViewController.swift */,
				F3190E282AAC536C000A7343 /* MypageViewController.swift */,
				F3190E2A2AAC6515000A7343 /* HomeViewController.swift */,
				F350A1352ABAD57600203688 /* FirstViewController.swift */,
				F350A13B2ABB1C3200203688 /* LoginViewController.swift */,
				F37D6A372ABE991C007F3C41 /* EmailViewController.swift */,
				F37D6A392ABEA7BE007F3C41 /* PwdViewController.swift */,
				F37D6A3B2ABEA866007F3C41 /* NameViewController.swift */,
				F37D6A3D2AC0000F007F3C41 /* TabBarViewController.swift */,
				F36B9E882AC408C500937AD1 /* SearchViewController.swift */,
				F3647EC32AC73A3C0026FBF0 /* EditPwdViewController.swift */,
				F3BB67062AC7FA2C0066E0DD /* EditProfileViewController.swift */,
				F30E3D3D2AC8575900CB1316 /* LogOutViewController.swift */,
			);
			path = Sources;
			sourceTree = "<group>";
		};
		F3B05C072AA999BC003EC4A6 /* Resources */ = {
			isa = PBXGroup;
			children = (
				F350A1372ABAFB9A00203688 /* Chat.png */,
				F350A1322ABAD51C00203688 /* signUpImg.png */,
				F30E3D3F2AC857A100CB1316 /* popup-view.png */,
				F3647EBD2AC72CD40026FBF0 /* mypageBox.png */,
				F350A1302ABAD35400203688 /* startImg.png */,
				F3647EC12AC733290026FBF0 /* gray_line.png */,
				F3647EBB2AC722F10026FBF0 /* article_img.png */,
				F3EEF9252AB0C1E5007F3D81 /* example_img.png */,
				F3E587852AA9B99800578876 /* box-1x.png */,
				F34109492AC5C1C800E755F4 /* LoginBack.png */,
				F34109452AC5C0DD00E755F4 /* backImg.png */,
				F3EEF92B2AB0E234007F3D81 /* article-back.png */,
				F3190E1E2AAC4C95000A7343 /* target-box.png */,
				F3190E242AAC4E33000A7343 /* blue-rec.png */,
				F3E587832AA9B80000578876 /* box1.png */,
			);
			path = Resources;
			sourceTree = "<group>";
		};
		F3B05C1C2AA9A243003EC4A6 /* Custom */ = {
			isa = PBXGroup;
			children = (
				F3190E312AAC833C000A7343 /* MainArticleCell.swift */,
				F3190E322AAC833C000A7343 /* MainArticleCell.xib */,
				F3A8564D2AB2CF3900264E3B /* TagCell.swift */,
				F3A856512AB2DF0900264E3B /* LeftAlignedCollectionViewFlowLayout.swift */,
				F335FA042AB9F13000C97E30 /* CustomTable.swift */,
				F3B05C1D2AA9A258003EC4A6 /* CustomTabBarItem.swift */,
				F350A1392ABB104600203688 /* UILabel.swift */,
				F341094D2AC5E00600E755F4 /* KeywordLabel.swift */,
			);
			path = Custom;
			sourceTree = "<group>";
		};
		F3F7F1FA2AA9955B0050263F /* Color */ = {
			isa = PBXGroup;
			children = (
				F3F7F1FB2AA995660050263F /* UIColor.swift */,
			);
			path = Color;
			sourceTree = "<group>";
		};
/* End PBXGroup section */

/* Begin PBXNativeTarget section */
		F32B28A52AA8AD0B005803C8 /* Blueming */ = {
			isa = PBXNativeTarget;
			buildConfigurationList = F32B28BA2AA8AD0C005803C8 /* Build configuration list for PBXNativeTarget "Blueming" */;
			buildPhases = (
				F32B28A22AA8AD0B005803C8 /* Sources */,
				F32B28A32AA8AD0B005803C8 /* Frameworks */,
				F32B28A42AA8AD0B005803C8 /* Resources */,
			);
			buildRules = (
			);
			dependencies = (
			);
			name = Blueming;
			productName = Blueming;
			productReference = F32B28A62AA8AD0B005803C8 /* Blueming.app */;
			productType = "com.apple.product-type.application";
		};
/* End PBXNativeTarget section */

/* Begin PBXProject section */
		F32B289E2AA8AD0B005803C8 /* Project object */ = {
			isa = PBXProject;
			attributes = {
				BuildIndependentTargetsInParallel = 1;
				LastSwiftUpdateCheck = 1430;
				LastUpgradeCheck = 1430;
				TargetAttributes = {
					F32B28A52AA8AD0B005803C8 = {
						CreatedOnToolsVersion = 14.3.1;
					};
				};
			};
			buildConfigurationList = F32B28A12AA8AD0B005803C8 /* Build configuration list for PBXProject "Blueming" */;
			compatibilityVersion = "Xcode 14.0";
			developmentRegion = en;
			hasScannedForEncodings = 0;
			knownRegions = (
				en,
				Base,
			);
			mainGroup = F32B289D2AA8AD0B005803C8;
			productRefGroup = F32B28A72AA8AD0B005803C8 /* Products */;
			projectDirPath = "";
			projectRoot = "";
			targets = (
				F32B28A52AA8AD0B005803C8 /* Blueming */,
			);
		};
/* End PBXProject section */

/* Begin PBXResourcesBuildPhase section */
		F32B28A42AA8AD0B005803C8 /* Resources */ = {
			isa = PBXResourcesBuildPhase;
			buildActionMask = 2147483647;
			files = (
				F34109462AC5C0DD00E755F4 /* backImg.png in Resources */,
				F3190E252AAC4E33000A7343 /* blue-rec.png in Resources */,
				F3647EBC2AC722F10026FBF0 /* article_img.png in Resources */,
				F3190E342AAC833C000A7343 /* MainArticleCell.xib in Resources */,
				F350A1312ABAD35400203688 /* startImg.png in Resources */,
				F32B28B62AA8AD0C005803C8 /* LaunchScreen.storyboard in Resources */,
				F3E587842AA9B80000578876 /* box1.png in Resources */,
				F30E3D402AC857A100CB1316 /* popup-view.png in Resources */,
				F341094A2AC5C1C800E755F4 /* LoginBack.png in Resources */,
				F3EEF92C2AB0E234007F3D81 /* article-back.png in Resources */,
				F3B05C1B2AA99BD3003EC4A6 /* Pretendard-Medium.otf in Resources */,
				F3E587862AA9B99800578876 /* box-1x.png in Resources */,
				F3B05C192AA99BD3003EC4A6 /* Pretendard-SemiBold.otf in Resources */,
				F350A1382ABAFB9A00203688 /* Chat.png in Resources */,
				F3B05C182AA99BD3003EC4A6 /* Pretendard-Regular.otf in Resources */,
				F335F9FF2AB9D23000C97E30 /* Main.storyboard in Resources */,
				F3190E1F2AAC4C95000A7343 /* target-box.png in Resources */,
				F3EEF9262AB0C1E5007F3D81 /* example_img.png in Resources */,
				F3647EC22AC733290026FBF0 /* gray_line.png in Resources */,
				F32B28B32AA8AD0C005803C8 /* Assets.xcassets in Resources */,
				F3647EBE2AC72CD40026FBF0 /* mypageBox.png in Resources */,
				F3B05C1A2AA99BD3003EC4A6 /* Pretendard-Bold.otf in Resources */,
				F350A1332ABAD51C00203688 /* signUpImg.png in Resources */,
			);
			runOnlyForDeploymentPostprocessing = 0;
		};
/* End PBXResourcesBuildPhase section */

/* Begin PBXSourcesBuildPhase section */
		F32B28A22AA8AD0B005803C8 /* Sources */ = {
			isa = PBXSourcesBuildPhase;
			buildActionMask = 2147483647;
			files = (
				F350A13C2ABB1C3200203688 /* LoginViewController.swift in Sources */,
				F30E3D3E2AC8575900CB1316 /* LogOutViewController.swift in Sources */,
				F350A13A2ABB104600203688 /* UILabel.swift in Sources */,
				F37D6A3E2AC0000F007F3C41 /* TabBarViewController.swift in Sources */,
				F37D6A3C2ABEA866007F3C41 /* NameViewController.swift in Sources */,
				F3647EC42AC73A3C0026FBF0 /* EditPwdViewController.swift in Sources */,
				F3190E292AAC536C000A7343 /* MypageViewController.swift in Sources */,
				F3190E272AAC535E000A7343 /* NoteViewController.swift in Sources */,
				F3190E332AAC833C000A7343 /* MainArticleCell.swift in Sources */,
				F3B05C062AA99729003EC4A6 /* ArticleViewController.swift in Sources */,
				F341094E2AC5E00600E755F4 /* KeywordLabel.swift in Sources */,
				F3190E2E2AAC814A000A7343 /* Article.swift in Sources */,
				F37D6A382ABE991C007F3C41 /* EmailViewController.swift in Sources */,
				F3B05C1E2AA9A258003EC4A6 /* CustomTabBarItem.swift in Sources */,
				F3F7F1FC2AA995660050263F /* UIColor.swift in Sources */,
				F3190E2B2AAC6515000A7343 /* HomeViewController.swift in Sources */,
				F36B9E8B2AC40D5300937AD1 /* Keyword.swift in Sources */,
				F36B9E892AC408C500937AD1 /* SearchViewController.swift in Sources */,
				F3A8564E2AB2CF3900264E3B /* TagCell.swift in Sources */,
				F3A8564C2AB2CE4E00264E3B /* Tags.swift in Sources */,
				F3A856522AB2DF0900264E3B /* LeftAlignedCollectionViewFlowLayout.swift in Sources */,
				F350A1362ABAD57600203688 /* FirstViewController.swift in Sources */,
				F3B05C042AA99719003EC4A6 /* CheckViewController.swift in Sources */,
				F37D6A3A2ABEA7BE007F3C41 /* PwdViewController.swift in Sources */,
				F3BB67092AC8056B0066E0DD /* NotificationCenter.swift in Sources */,
				F32B28AA2AA8AD0B005803C8 /* AppDelegate.swift in Sources */,
				F32B28AC2AA8AD0B005803C8 /* SceneDelegate.swift in Sources */,
				F335FA052AB9F13000C97E30 /* CustomTable.swift in Sources */,
				F3BB67072AC7FA2C0066E0DD /* EditProfileViewController.swift in Sources */,
			);
			runOnlyForDeploymentPostprocessing = 0;
		};
/* End PBXSourcesBuildPhase section */

/* Begin PBXVariantGroup section */
		F32B28B42AA8AD0C005803C8 /* LaunchScreen.storyboard */ = {
			isa = PBXVariantGroup;
			children = (
				F32B28B52AA8AD0C005803C8 /* Base */,
			);
			name = LaunchScreen.storyboard;
			sourceTree = "<group>";
		};
/* End PBXVariantGroup section */

/* Begin XCBuildConfiguration section */
		F32B28B82AA8AD0C005803C8 /* Debug */ = {
			isa = XCBuildConfiguration;
			buildSettings = {
				ALWAYS_SEARCH_USER_PATHS = NO;
				CLANG_ANALYZER_NONNULL = YES;
				CLANG_ANALYZER_NUMBER_OBJECT_CONVERSION = YES_AGGRESSIVE;
				CLANG_CXX_LANGUAGE_STANDARD = "gnu++20";
				CLANG_ENABLE_MODULES = YES;
				CLANG_ENABLE_OBJC_ARC = YES;
				CLANG_ENABLE_OBJC_WEAK = YES;
				CLANG_WARN_BLOCK_CAPTURE_AUTORELEASING = YES;
				CLANG_WARN_BOOL_CONVERSION = YES;
				CLANG_WARN_COMMA = YES;
				CLANG_WARN_CONSTANT_CONVERSION = YES;
				CLANG_WARN_DEPRECATED_OBJC_IMPLEMENTATIONS = YES;
				CLANG_WARN_DIRECT_OBJC_ISA_USAGE = YES_ERROR;
				CLANG_WARN_DOCUMENTATION_COMMENTS = YES;
				CLANG_WARN_EMPTY_BODY = YES;
				CLANG_WARN_ENUM_CONVERSION = YES;
				CLANG_WARN_INFINITE_RECURSION = YES;
				CLANG_WARN_INT_CONVERSION = YES;
				CLANG_WARN_NON_LITERAL_NULL_CONVERSION = YES;
				CLANG_WARN_OBJC_IMPLICIT_RETAIN_SELF = YES;
				CLANG_WARN_OBJC_LITERAL_CONVERSION = YES;
				CLANG_WARN_OBJC_ROOT_CLASS = YES_ERROR;
				CLANG_WARN_QUOTED_INCLUDE_IN_FRAMEWORK_HEADER = YES;
				CLANG_WARN_RANGE_LOOP_ANALYSIS = YES;
				CLANG_WARN_STRICT_PROTOTYPES = YES;
				CLANG_WARN_SUSPICIOUS_MOVE = YES;
				CLANG_WARN_UNGUARDED_AVAILABILITY = YES_AGGRESSIVE;
				CLANG_WARN_UNREACHABLE_CODE = YES;
				CLANG_WARN__DUPLICATE_METHOD_MATCH = YES;
				COPY_PHASE_STRIP = NO;
				DEBUG_INFORMATION_FORMAT = dwarf;
				ENABLE_STRICT_OBJC_MSGSEND = YES;
				ENABLE_TESTABILITY = YES;
				GCC_C_LANGUAGE_STANDARD = gnu11;
				GCC_DYNAMIC_NO_PIC = NO;
				GCC_NO_COMMON_BLOCKS = YES;
				GCC_OPTIMIZATION_LEVEL = 0;
				GCC_PREPROCESSOR_DEFINITIONS = (
					"DEBUG=1",
					"$(inherited)",
				);
				GCC_WARN_64_TO_32_BIT_CONVERSION = YES;
				GCC_WARN_ABOUT_RETURN_TYPE = YES_ERROR;
				GCC_WARN_UNDECLARED_SELECTOR = YES;
				GCC_WARN_UNINITIALIZED_AUTOS = YES_AGGRESSIVE;
				GCC_WARN_UNUSED_FUNCTION = YES;
				GCC_WARN_UNUSED_VARIABLE = YES;
				IPHONEOS_DEPLOYMENT_TARGET = 16.4;
				MTL_ENABLE_DEBUG_INFO = INCLUDE_SOURCE;
				MTL_FAST_MATH = YES;
				ONLY_ACTIVE_ARCH = YES;
				SDKROOT = iphoneos;
				SWIFT_ACTIVE_COMPILATION_CONDITIONS = DEBUG;
				SWIFT_OPTIMIZATION_LEVEL = "-Onone";
			};
			name = Debug;
		};
		F32B28B92AA8AD0C005803C8 /* Release */ = {
			isa = XCBuildConfiguration;
			buildSettings = {
				ALWAYS_SEARCH_USER_PATHS = NO;
				CLANG_ANALYZER_NONNULL = YES;
				CLANG_ANALYZER_NUMBER_OBJECT_CONVERSION = YES_AGGRESSIVE;
				CLANG_CXX_LANGUAGE_STANDARD = "gnu++20";
				CLANG_ENABLE_MODULES = YES;
				CLANG_ENABLE_OBJC_ARC = YES;
				CLANG_ENABLE_OBJC_WEAK = YES;
				CLANG_WARN_BLOCK_CAPTURE_AUTORELEASING = YES;
				CLANG_WARN_BOOL_CONVERSION = YES;
				CLANG_WARN_COMMA = YES;
				CLANG_WARN_CONSTANT_CONVERSION = YES;
				CLANG_WARN_DEPRECATED_OBJC_IMPLEMENTATIONS = YES;
				CLANG_WARN_DIRECT_OBJC_ISA_USAGE = YES_ERROR;
				CLANG_WARN_DOCUMENTATION_COMMENTS = YES;
				CLANG_WARN_EMPTY_BODY = YES;
				CLANG_WARN_ENUM_CONVERSION = YES;
				CLANG_WARN_INFINITE_RECURSION = YES;
				CLANG_WARN_INT_CONVERSION = YES;
				CLANG_WARN_NON_LITERAL_NULL_CONVERSION = YES;
				CLANG_WARN_OBJC_IMPLICIT_RETAIN_SELF = YES;
				CLANG_WARN_OBJC_LITERAL_CONVERSION = YES;
				CLANG_WARN_OBJC_ROOT_CLASS = YES_ERROR;
				CLANG_WARN_QUOTED_INCLUDE_IN_FRAMEWORK_HEADER = YES;
				CLANG_WARN_RANGE_LOOP_ANALYSIS = YES;
				CLANG_WARN_STRICT_PROTOTYPES = YES;
				CLANG_WARN_SUSPICIOUS_MOVE = YES;
				CLANG_WARN_UNGUARDED_AVAILABILITY = YES_AGGRESSIVE;
				CLANG_WARN_UNREACHABLE_CODE = YES;
				CLANG_WARN__DUPLICATE_METHOD_MATCH = YES;
				COPY_PHASE_STRIP = NO;
				DEBUG_INFORMATION_FORMAT = "dwarf-with-dsym";
				ENABLE_NS_ASSERTIONS = NO;
				ENABLE_STRICT_OBJC_MSGSEND = YES;
				GCC_C_LANGUAGE_STANDARD = gnu11;
				GCC_NO_COMMON_BLOCKS = YES;
				GCC_WARN_64_TO_32_BIT_CONVERSION = YES;
				GCC_WARN_ABOUT_RETURN_TYPE = YES_ERROR;
				GCC_WARN_UNDECLARED_SELECTOR = YES;
				GCC_WARN_UNINITIALIZED_AUTOS = YES_AGGRESSIVE;
				GCC_WARN_UNUSED_FUNCTION = YES;
				GCC_WARN_UNUSED_VARIABLE = YES;
				IPHONEOS_DEPLOYMENT_TARGET = 16.4;
				MTL_ENABLE_DEBUG_INFO = NO;
				MTL_FAST_MATH = YES;
				SDKROOT = iphoneos;
				SWIFT_COMPILATION_MODE = wholemodule;
				SWIFT_OPTIMIZATION_LEVEL = "-O";
				VALIDATE_PRODUCT = YES;
			};
			name = Release;
		};
		F32B28BB2AA8AD0C005803C8 /* Debug */ = {
			isa = XCBuildConfiguration;
			buildSettings = {
				ASSETCATALOG_COMPILER_APPICON_NAME = AppIcon;
				ASSETCATALOG_COMPILER_GLOBAL_ACCENT_COLOR_NAME = AccentColor;
				CODE_SIGN_STYLE = Automatic;
				CURRENT_PROJECT_VERSION = 1;
				DEVELOPMENT_TEAM = 8FBW424TX4;
				GENERATE_INFOPLIST_FILE = YES;
				INFOPLIST_FILE = Blueming/Info.plist;
				INFOPLIST_KEY_UIApplicationSupportsIndirectInputEvents = YES;
				INFOPLIST_KEY_UILaunchStoryboardName = LaunchScreen;
				INFOPLIST_KEY_UIMainStoryboardFile = Main;
				INFOPLIST_KEY_UISupportedInterfaceOrientations_iPad = "UIInterfaceOrientationPortrait UIInterfaceOrientationPortraitUpsideDown UIInterfaceOrientationLandscapeLeft UIInterfaceOrientationLandscapeRight";
				INFOPLIST_KEY_UISupportedInterfaceOrientations_iPhone = "UIInterfaceOrientationPortrait UIInterfaceOrientationLandscapeLeft UIInterfaceOrientationLandscapeRight";
				LD_RUNPATH_SEARCH_PATHS = (
					"$(inherited)",
					"@executable_path/Frameworks",
				);
				MARKETING_VERSION = 1.0;
				PRODUCT_BUNDLE_IDENTIFIER = com.nakyung.Blueming;
				PRODUCT_NAME = "$(TARGET_NAME)";
				SWIFT_EMIT_LOC_STRINGS = YES;
				SWIFT_VERSION = 5.0;
				TARGETED_DEVICE_FAMILY = "1,2";
			};
			name = Debug;
		};
		F32B28BC2AA8AD0C005803C8 /* Release */ = {
			isa = XCBuildConfiguration;
			buildSettings = {
				ASSETCATALOG_COMPILER_APPICON_NAME = AppIcon;
				ASSETCATALOG_COMPILER_GLOBAL_ACCENT_COLOR_NAME = AccentColor;
				CODE_SIGN_STYLE = Automatic;
				CURRENT_PROJECT_VERSION = 1;
				DEVELOPMENT_TEAM = 8FBW424TX4;
				GENERATE_INFOPLIST_FILE = YES;
				INFOPLIST_FILE = Blueming/Info.plist;
				INFOPLIST_KEY_UIApplicationSupportsIndirectInputEvents = YES;
				INFOPLIST_KEY_UILaunchStoryboardName = LaunchScreen;
				INFOPLIST_KEY_UIMainStoryboardFile = Main;
				INFOPLIST_KEY_UISupportedInterfaceOrientations_iPad = "UIInterfaceOrientationPortrait UIInterfaceOrientationPortraitUpsideDown UIInterfaceOrientationLandscapeLeft UIInterfaceOrientationLandscapeRight";
				INFOPLIST_KEY_UISupportedInterfaceOrientations_iPhone = "UIInterfaceOrientationPortrait UIInterfaceOrientationLandscapeLeft UIInterfaceOrientationLandscapeRight";
				LD_RUNPATH_SEARCH_PATHS = (
					"$(inherited)",
					"@executable_path/Frameworks",
				);
				MARKETING_VERSION = 1.0;
				PRODUCT_BUNDLE_IDENTIFIER = com.nakyung.Blueming;
				PRODUCT_NAME = "$(TARGET_NAME)";
				SWIFT_EMIT_LOC_STRINGS = YES;
				SWIFT_VERSION = 5.0;
				TARGETED_DEVICE_FAMILY = "1,2";
			};
			name = Release;
		};
/* End XCBuildConfiguration section */

/* Begin XCConfigurationList section */
		F32B28A12AA8AD0B005803C8 /* Build configuration list for PBXProject "Blueming" */ = {
			isa = XCConfigurationList;
			buildConfigurations = (
				F32B28B82AA8AD0C005803C8 /* Debug */,
				F32B28B92AA8AD0C005803C8 /* Release */,
			);
			defaultConfigurationIsVisible = 0;
			defaultConfigurationName = Release;
		};
		F32B28BA2AA8AD0C005803C8 /* Build configuration list for PBXNativeTarget "Blueming" */ = {
			isa = XCConfigurationList;
			buildConfigurations = (
				F32B28BB2AA8AD0C005803C8 /* Debug */,
				F32B28BC2AA8AD0C005803C8 /* Release */,
			);
			defaultConfigurationIsVisible = 0;
			defaultConfigurationName = Release;
		};
/* End XCConfigurationList section */
	};
	rootObject = F32B289E2AA8AD0B005803C8 /* Project object */;
}
